
Microsoft Visual Studio Solution File, Format Version 12.00
# Visual Studio Version 17
VisualStudioVersion = 17.14.36705.20 d17.14
MinimumVisualStudioVersion = 10.0.40219.1
Project("{FAE04EC0-301F-11D3-BF4B-00C04F79EFBC}") = "P01-DatabaseFirst", "P01-DatabaseFirst\P01-DatabaseFirst.csproj", "{6CC0798C-3077-4347-A4D2-81512BF20142}"
EndProject
Project("{FAE04EC0-301F-11D3-BF4B-00C04F79EFBC}") = "P02-DatabaseFirst", "P02-DatabaseFirst\P02-DatabaseFirst.csproj", "{CCE5A247-04E0-4FAD-A1E6-AE5D40B03CD6}"
EndProject
Global
	GlobalSection(SolutionConfigurationPlatforms) = preSolution
		Debug|Any CPU = Debug|Any CPU
		Release|Any CPU = Release|Any CPU
	EndGlobalSection
	GlobalSection(ProjectConfigurationPlatforms) = postSolution
		{6CC0798C-3077-4347-A4D2-81512BF20142}.Debug|Any CPU.ActiveCfg = Debug|Any CPU
		{6CC0798C-3077-4347-A4D2-81512BF20142}.Debug|Any CPU.Build.0 = Debug|Any CPU
		{6CC0798C-3077-4347-A4D2-81512BF20142}.Release|Any CPU.ActiveCfg = Release|Any CPU
		{6CC0798C-3077-4347-A4D2-81512BF20142}.Release|Any CPU.Build.0 = Release|Any CPU
		{CCE5A247-04E0-4FAD-A1E6-AE5D40B03CD6}.Debug|Any CPU.ActiveCfg = Debug|Any CPU
		{CCE5A247-04E0-4FAD-A1E6-AE5D40B03CD6}.Debug|Any CPU.Build.0 = Debug|Any CPU
		{CCE5A247-04E0-4FAD-A1E6-AE5D40B03CD6}.Release|Any CPU.ActiveCfg = Release|Any CPU
		{CCE5A247-04E0-4FAD-A1E6-AE5D40B03CD6}.Release|Any CPU.Build.0 = Release|Any CPU
	EndGlobalSection
	GlobalSection(SolutionProperties) = preSolution
		HideSolutionNode = FALSE
	EndGlobalSection
	GlobalSection(ExtensibilityGlobals) = postSolution
		SolutionGuid = {B6E83C62-2AD1-4FC4-B319-C56D7CCC6034}
	EndGlobalSection
EndGlobal
