
Microsoft Visual Studio Solution File, Format Version 12.00
# Visual Studio Version 16
VisualStudioVersion = 16.0.30907.101
MinimumVisualStudioVersion = 10.0.40219.1
Project("{9A19103F-16F7-4668-BE54-9A1E7A4F7556}") = "P01-DemoJSON_XML", "P01-DemoJSON_XML\P01-DemoJSON_XML.csproj", "{EE30A6D0-5705-4614-80D4-A4C7869F12B2}"
EndProject
Project("{2150E333-8FDC-42A3-9474-1A3956D46DE8}") = "Solution Items", "Solution Items", "{FC225C5A-B04B-4C15-9EBF-A7CF05B1C4EA}"
	ProjectSection(SolutionItems) = preProject
		.editorconfig = .editorconfig
	EndProjectSection
EndProject
Global
	GlobalSection(SolutionConfigurationPlatforms) = preSolution
		Debug|Any CPU = Debug|Any CPU
		Release|Any CPU = Release|Any CPU
	EndGlobalSection
	GlobalSection(ProjectConfigurationPlatforms) = postSolution
		{EE30A6D0-5705-4614-80D4-A4C7869F12B2}.Debug|Any CPU.ActiveCfg = Debug|Any CPU
		{EE30A6D0-5705-4614-80D4-A4C7869F12B2}.Debug|Any CPU.Build.0 = Debug|Any CPU
		{EE30A6D0-5705-4614-80D4-A4C7869F12B2}.Release|Any CPU.ActiveCfg = Release|Any CPU
		{EE30A6D0-5705-4614-80D4-A4C7869F12B2}.Release|Any CPU.Build.0 = Release|Any CPU
	EndGlobalSection
	GlobalSection(SolutionProperties) = preSolution
		HideSolutionNode = FALSE
	EndGlobalSection
	GlobalSection(ExtensibilityGlobals) = postSolution
		SolutionGuid = {581952E4-60B2-4C95-B582-5FB34E3760BA}
	EndGlobalSection
EndGlobal
