
Microsoft Visual Studio Solution File, Format Version 12.00
# Visual Studio Version 16
VisualStudioVersion = 16.0.30717.126
MinimumVisualStudioVersion = 10.0.40219.1
Project("{9A19103F-16F7-4668-BE54-9A1E7A4F7556}") = "P01-SingleInheritance", "P01-SingleInheritance\P01-SingleInheritance.csproj", "{FB345BB9-12B2-496B-8CFD-2463EE29F0CA}"
EndProject
Project("{9A19103F-16F7-4668-BE54-9A1E7A4F7556}") = "P02-MultiLevelInheritance", "P02-MultiLevelInheritance\P02-MultiLevelInheritance.csproj", "{A690DE11-6839-4D35-BA0D-9DACECCAB90C}"
EndProject
Project("{FAE04EC0-301F-11D3-BF4B-00C04F79EFBC}") = "P03-HierarchyInheritance", "P03-HierarchyInheritance\P03-HierarchyInheritance.csproj", "{C2596123-B181-4E60-9100-02E662F2D32A}"
EndProject
Project("{9A19103F-16F7-4668-BE54-9A1E7A4F7556}") = "P04-ExPersonInheritance", "P04-ExPersonInheritance\P04-ExPersonInheritance.csproj", "{0B7CD37B-EEF8-4EF0-846D-57637EDD302C}"
EndProject
Project("{9A19103F-16F7-4668-BE54-9A1E7A4F7556}") = "P05-ExInheritanceNeedForSpeed", "P05-ExInheritanceNeedForSpeed\P05-ExInheritanceNeedForSpeed.csproj", "{23C81FCB-FBA9-4054-99FD-2B9A524088ED}"
EndProject
Project("{9A19103F-16F7-4668-BE54-9A1E7A4F7556}") = "P06-ExInheritanceZoo", "P06-ExInheritanceZoo\P06-ExInheritanceZoo.csproj", "{22C40790-7A76-43FA-BDEB-CF8E562A885C}"
EndProject
Project("{FAE04EC0-301F-11D3-BF4B-00C04F79EFBC}") = "P07-InheritanceWindowsFormDemo", "P07-InheritanceWindowsFormDemo\P07-InheritanceWindowsFormDemo.csproj", "{8C9E9540-E25A-4F6D-B1E8-F581E14D82F2}"
EndProject
Project("{9A19103F-16F7-4668-BE54-9A1E7A4F7556}") = "P07-AbstractionColoredFigure", "P07-AbstractionColoredFigure\P07-AbstractionColoredFigure.csproj", "{6D2BF631-CAF1-4653-AB5B-A47EEC1923DA}"
EndProject
Project("{9A19103F-16F7-4668-BE54-9A1E7A4F7556}") = "P08-ExInterfaceFigures", "P08-ExInterfaceFigures\P08-ExInterfaceFigures.csproj", "{50DB19E0-A5F4-4A8B-8B78-DEB9DA6D2F78}"
EndProject
Project("{9A19103F-16F7-4668-BE54-9A1E7A4F7556}") = "P09-ExIntefaceCars", "P09-ExIntefaceCars\P09-ExIntefaceCars.csproj", "{EC43C2FD-A7F9-4A24-9CE1-D2F56002CE2F}"
EndProject
Project("{FAE04EC0-301F-11D3-BF4B-00C04F79EFBC}") = "P10-ExInterfacePhones", "P10-ExInterfacePhones\P10-ExInterfacePhones.csproj", "{D9CF27F2-BA0A-4FD5-BF91-5264EACA9E27}"
EndProject
Global
	GlobalSection(SolutionConfigurationPlatforms) = preSolution
		Debug|Any CPU = Debug|Any CPU
		Release|Any CPU = Release|Any CPU
	EndGlobalSection
	GlobalSection(ProjectConfigurationPlatforms) = postSolution
		{FB345BB9-12B2-496B-8CFD-2463EE29F0CA}.Debug|Any CPU.ActiveCfg = Debug|Any CPU
		{FB345BB9-12B2-496B-8CFD-2463EE29F0CA}.Debug|Any CPU.Build.0 = Debug|Any CPU
		{FB345BB9-12B2-496B-8CFD-2463EE29F0CA}.Release|Any CPU.ActiveCfg = Release|Any CPU
		{FB345BB9-12B2-496B-8CFD-2463EE29F0CA}.Release|Any CPU.Build.0 = Release|Any CPU
		{A690DE11-6839-4D35-BA0D-9DACECCAB90C}.Debug|Any CPU.ActiveCfg = Debug|Any CPU
		{A690DE11-6839-4D35-BA0D-9DACECCAB90C}.Debug|Any CPU.Build.0 = Debug|Any CPU
		{A690DE11-6839-4D35-BA0D-9DACECCAB90C}.Release|Any CPU.ActiveCfg = Release|Any CPU
		{A690DE11-6839-4D35-BA0D-9DACECCAB90C}.Release|Any CPU.Build.0 = Release|Any CPU
		{C2596123-B181-4E60-9100-02E662F2D32A}.Debug|Any CPU.ActiveCfg = Debug|Any CPU
		{C2596123-B181-4E60-9100-02E662F2D32A}.Debug|Any CPU.Build.0 = Debug|Any CPU
		{C2596123-B181-4E60-9100-02E662F2D32A}.Release|Any CPU.ActiveCfg = Release|Any CPU
		{C2596123-B181-4E60-9100-02E662F2D32A}.Release|Any CPU.Build.0 = Release|Any CPU
		{0B7CD37B-EEF8-4EF0-846D-57637EDD302C}.Debug|Any CPU.ActiveCfg = Debug|Any CPU
		{0B7CD37B-EEF8-4EF0-846D-57637EDD302C}.Debug|Any CPU.Build.0 = Debug|Any CPU
		{0B7CD37B-EEF8-4EF0-846D-57637EDD302C}.Release|Any CPU.ActiveCfg = Release|Any CPU
		{0B7CD37B-EEF8-4EF0-846D-57637EDD302C}.Release|Any CPU.Build.0 = Release|Any CPU
		{23C81FCB-FBA9-4054-99FD-2B9A524088ED}.Debug|Any CPU.ActiveCfg = Debug|Any CPU
		{23C81FCB-FBA9-4054-99FD-2B9A524088ED}.Debug|Any CPU.Build.0 = Debug|Any CPU
		{23C81FCB-FBA9-4054-99FD-2B9A524088ED}.Release|Any CPU.ActiveCfg = Release|Any CPU
		{23C81FCB-FBA9-4054-99FD-2B9A524088ED}.Release|Any CPU.Build.0 = Release|Any CPU
		{22C40790-7A76-43FA-BDEB-CF8E562A885C}.Debug|Any CPU.ActiveCfg = Debug|Any CPU
		{22C40790-7A76-43FA-BDEB-CF8E562A885C}.Debug|Any CPU.Build.0 = Debug|Any CPU
		{22C40790-7A76-43FA-BDEB-CF8E562A885C}.Release|Any CPU.ActiveCfg = Release|Any CPU
		{22C40790-7A76-43FA-BDEB-CF8E562A885C}.Release|Any CPU.Build.0 = Release|Any CPU
		{8C9E9540-E25A-4F6D-B1E8-F581E14D82F2}.Debug|Any CPU.ActiveCfg = Debug|Any CPU
		{8C9E9540-E25A-4F6D-B1E8-F581E14D82F2}.Debug|Any CPU.Build.0 = Debug|Any CPU
		{8C9E9540-E25A-4F6D-B1E8-F581E14D82F2}.Release|Any CPU.ActiveCfg = Release|Any CPU
		{8C9E9540-E25A-4F6D-B1E8-F581E14D82F2}.Release|Any CPU.Build.0 = Release|Any CPU
		{6D2BF631-CAF1-4653-AB5B-A47EEC1923DA}.Debug|Any CPU.ActiveCfg = Debug|Any CPU
		{6D2BF631-CAF1-4653-AB5B-A47EEC1923DA}.Debug|Any CPU.Build.0 = Debug|Any CPU
		{6D2BF631-CAF1-4653-AB5B-A47EEC1923DA}.Release|Any CPU.ActiveCfg = Release|Any CPU
		{6D2BF631-CAF1-4653-AB5B-A47EEC1923DA}.Release|Any CPU.Build.0 = Release|Any CPU
		{50DB19E0-A5F4-4A8B-8B78-DEB9DA6D2F78}.Debug|Any CPU.ActiveCfg = Debug|Any CPU
		{50DB19E0-A5F4-4A8B-8B78-DEB9DA6D2F78}.Debug|Any CPU.Build.0 = Debug|Any CPU
		{50DB19E0-A5F4-4A8B-8B78-DEB9DA6D2F78}.Release|Any CPU.ActiveCfg = Release|Any CPU
		{50DB19E0-A5F4-4A8B-8B78-DEB9DA6D2F78}.Release|Any CPU.Build.0 = Release|Any CPU
		{EC43C2FD-A7F9-4A24-9CE1-D2F56002CE2F}.Debug|Any CPU.ActiveCfg = Debug|Any CPU
		{EC43C2FD-A7F9-4A24-9CE1-D2F56002CE2F}.Debug|Any CPU.Build.0 = Debug|Any CPU
		{EC43C2FD-A7F9-4A24-9CE1-D2F56002CE2F}.Release|Any CPU.ActiveCfg = Release|Any CPU
		{EC43C2FD-A7F9-4A24-9CE1-D2F56002CE2F}.Release|Any CPU.Build.0 = Release|Any CPU
		{D9CF27F2-BA0A-4FD5-BF91-5264EACA9E27}.Debug|Any CPU.ActiveCfg = Debug|Any CPU
		{D9CF27F2-BA0A-4FD5-BF91-5264EACA9E27}.Debug|Any CPU.Build.0 = Debug|Any CPU
		{D9CF27F2-BA0A-4FD5-BF91-5264EACA9E27}.Release|Any CPU.ActiveCfg = Release|Any CPU
		{D9CF27F2-BA0A-4FD5-BF91-5264EACA9E27}.Release|Any CPU.Build.0 = Release|Any CPU
	EndGlobalSection
	GlobalSection(SolutionProperties) = preSolution
		HideSolutionNode = FALSE
	EndGlobalSection
	GlobalSection(ExtensibilityGlobals) = postSolution
		SolutionGuid = {EF72BBF5-B308-448D-9C49-4490EF5F807A}
	EndGlobalSection
EndGlobal
