
Microsoft Visual Studio Solution File, Format Version 12.00
# Visual Studio Version 16
VisualStudioVersion = 16.0.31321.278
MinimumVisualStudioVersion = 10.0.40219.1
Project("{FAE04EC0-301F-11D3-BF4B-00C04F79EFBC}") = "P01-EvenNums", "P01-EvenNums\P01-EvenNums.csproj", "{C1DA0115-305A-476C-AC4C-323C8CC30272}"
EndProject
Project("{FAE04EC0-301F-11D3-BF4B-00C04F79EFBC}") = "P02-ForNums", "P02-ForNums\P02-ForNums.csproj", "{F3107D5B-CE06-41A7-86EF-11CB8F90A96B}"
EndProject
Project("{FAE04EC0-301F-11D3-BF4B-00C04F79EFBC}") = "P03-ForrNums", "P03-ForrNums\P03-ForrNums.csproj", "{0C45522F-89DA-42B5-93B6-051A919DAFBB}"
EndProject
Project("{FAE04EC0-301F-11D3-BF4B-00C04F79EFBC}") = "P04-ForSum", "P04-ForSum\P04-ForSum.csproj", "{99739ACA-738F-4D1F-AAD1-7C0568FA79D4}"
EndProject
Project("{FAE04EC0-301F-11D3-BF4B-00C04F79EFBC}") = "P05-WhileSum", "P05-WhileSum\P05-WhileSum.csproj", "{E963307F-9F38-494B-BD45-2AEF2E917E67}"
EndProject
Global
	GlobalSection(SolutionConfigurationPlatforms) = preSolution
		Debug|Any CPU = Debug|Any CPU
		Release|Any CPU = Release|Any CPU
	EndGlobalSection
	GlobalSection(ProjectConfigurationPlatforms) = postSolution
		{C1DA0115-305A-476C-AC4C-323C8CC30272}.Debug|Any CPU.ActiveCfg = Debug|Any CPU
		{C1DA0115-305A-476C-AC4C-323C8CC30272}.Debug|Any CPU.Build.0 = Debug|Any CPU
		{C1DA0115-305A-476C-AC4C-323C8CC30272}.Release|Any CPU.ActiveCfg = Release|Any CPU
		{C1DA0115-305A-476C-AC4C-323C8CC30272}.Release|Any CPU.Build.0 = Release|Any CPU
		{F3107D5B-CE06-41A7-86EF-11CB8F90A96B}.Debug|Any CPU.ActiveCfg = Debug|Any CPU
		{F3107D5B-CE06-41A7-86EF-11CB8F90A96B}.Debug|Any CPU.Build.0 = Debug|Any CPU
		{F3107D5B-CE06-41A7-86EF-11CB8F90A96B}.Release|Any CPU.ActiveCfg = Release|Any CPU
		{F3107D5B-CE06-41A7-86EF-11CB8F90A96B}.Release|Any CPU.Build.0 = Release|Any CPU
		{0C45522F-89DA-42B5-93B6-051A919DAFBB}.Debug|Any CPU.ActiveCfg = Debug|Any CPU
		{0C45522F-89DA-42B5-93B6-051A919DAFBB}.Debug|Any CPU.Build.0 = Debug|Any CPU
		{0C45522F-89DA-42B5-93B6-051A919DAFBB}.Release|Any CPU.ActiveCfg = Release|Any CPU
		{0C45522F-89DA-42B5-93B6-051A919DAFBB}.Release|Any CPU.Build.0 = Release|Any CPU
		{99739ACA-738F-4D1F-AAD1-7C0568FA79D4}.Debug|Any CPU.ActiveCfg = Debug|Any CPU
		{99739ACA-738F-4D1F-AAD1-7C0568FA79D4}.Debug|Any CPU.Build.0 = Debug|Any CPU
		{99739ACA-738F-4D1F-AAD1-7C0568FA79D4}.Release|Any CPU.ActiveCfg = Release|Any CPU
		{99739ACA-738F-4D1F-AAD1-7C0568FA79D4}.Release|Any CPU.Build.0 = Release|Any CPU
		{E963307F-9F38-494B-BD45-2AEF2E917E67}.Debug|Any CPU.ActiveCfg = Debug|Any CPU
		{E963307F-9F38-494B-BD45-2AEF2E917E67}.Debug|Any CPU.Build.0 = Debug|Any CPU
		{E963307F-9F38-494B-BD45-2AEF2E917E67}.Release|Any CPU.ActiveCfg = Release|Any CPU
		{E963307F-9F38-494B-BD45-2AEF2E917E67}.Release|Any CPU.Build.0 = Release|Any CPU
	EndGlobalSection
	GlobalSection(SolutionProperties) = preSolution
		HideSolutionNode = FALSE
	EndGlobalSection
	GlobalSection(ExtensibilityGlobals) = postSolution
		SolutionGuid = {4388EBAB-96C9-4DE7-8604-903460CB2FA9}
	EndGlobalSection
EndGlobal
