
Microsoft Visual Studio Solution File, Format Version 12.00
# Visual Studio Version 16
VisualStudioVersion = 16.0.32002.261
MinimumVisualStudioVersion = 10.0.40219.1
Project("{FAE04EC0-301F-11D3-BF4B-00C04F79EFBC}") = "P01-Train", "P01-Train\P01-Train.csproj", "{3CA29BD0-7CBA-4D00-91FD-2B5797B32FDE}"
EndProject
Global
	GlobalSection(SolutionConfigurationPlatforms) = preSolution
		Debug|Any CPU = Debug|Any CPU
		Release|Any CPU = Release|Any CPU
	EndGlobalSection
	GlobalSection(ProjectConfigurationPlatforms) = postSolution
		{3CA29BD0-7CBA-4D00-91FD-2B5797B32FDE}.Debug|Any CPU.ActiveCfg = Debug|Any CPU
		{3CA29BD0-7CBA-4D00-91FD-2B5797B32FDE}.Debug|Any CPU.Build.0 = Debug|Any CPU
		{3CA29BD0-7CBA-4D00-91FD-2B5797B32FDE}.Release|Any CPU.ActiveCfg = Release|Any CPU
		{3CA29BD0-7CBA-4D00-91FD-2B5797B32FDE}.Release|Any CPU.Build.0 = Release|Any CPU
	EndGlobalSection
	GlobalSection(SolutionProperties) = preSolution
		HideSolutionNode = FALSE
	EndGlobalSection
	GlobalSection(ExtensibilityGlobals) = postSolution
		SolutionGuid = {DA4FEABB-2504-474C-8EAB-4B1E38F10189}
	EndGlobalSection
EndGlobal
