
Microsoft Visual Studio Solution File, Format Version 12.00
# Visual Studio Version 17
VisualStudioVersion = 17.2.32516.85
MinimumVisualStudioVersion = 10.0.40219.1
Project("{9A19103F-16F7-4668-BE54-9A1E7A4F7556}") = "P01-ReadList", "P01-ReadList\P01-ReadList.csproj", "{65457414-B55F-47DC-B55B-B62DD215D7F4}"
EndProject
Project("{9A19103F-16F7-4668-BE54-9A1E7A4F7556}") = "P02-ReadListFromSingleLine", "P02-ReadListFromSingleLine\P02-ReadListFromSingleLine.csproj", "{AA61A68C-57B7-42C2-AD07-7E758986D0E6}"
EndProject
Project("{9A19103F-16F7-4668-BE54-9A1E7A4F7556}") = "P04-ReverseNames", "P04-ReverseNames\P04-ReverseNames.csproj", "{41831463-EEAD-47E2-97F4-E87BC720BC05}"
EndProject
Project("{9A19103F-16F7-4668-BE54-9A1E7A4F7556}") = "P02-RemoveNumber", "P02-RemoveNumber\P02-RemoveNumber.csproj", "{264F3134-AB0A-4A8E-8CD5-6217897CDC7E}"
EndProject
Project("{9A19103F-16F7-4668-BE54-9A1E7A4F7556}") = "P03-RemoveNegative", "P03-RemoveNegative\P03-RemoveNegative.csproj", "{6D6C7D89-F9ED-4CD5-A0B4-AD72464C00A5}"
EndProject
Project("{9A19103F-16F7-4668-BE54-9A1E7A4F7556}") = "P04-JoinList", "P04-JoinList\P04-JoinList.csproj", "{7A12F0B5-35CF-4224-920A-4981D7A61AF0}"
EndProject
Project("{9A19103F-16F7-4668-BE54-9A1E7A4F7556}") = "P05-Bomb", "P05-Bomb\P05-Bomb.csproj", "{06AF698C-A3CC-43E3-9E2B-F044BA618E95}"
EndProject
Project("{9A19103F-16F7-4668-BE54-9A1E7A4F7556}") = "P00-SandBox", "P00-SandBox\P00-SandBox.csproj", "{DEEF3DE8-FDF2-48AA-A40A-856DFEEBBE1D}"
EndProject
Project("{FAE04EC0-301F-11D3-BF4B-00C04F79EFBC}") = "P06-ListLinq", "P06-ListLinq\P06-ListLinq.csproj", "{BC4D48D8-10AF-42C6-A31F-AA728592596C}"
EndProject
Global
	GlobalSection(SolutionConfigurationPlatforms) = preSolution
		Debug|Any CPU = Debug|Any CPU
		Release|Any CPU = Release|Any CPU
	EndGlobalSection
	GlobalSection(ProjectConfigurationPlatforms) = postSolution
		{65457414-B55F-47DC-B55B-B62DD215D7F4}.Debug|Any CPU.ActiveCfg = Debug|Any CPU
		{65457414-B55F-47DC-B55B-B62DD215D7F4}.Debug|Any CPU.Build.0 = Debug|Any CPU
		{65457414-B55F-47DC-B55B-B62DD215D7F4}.Release|Any CPU.ActiveCfg = Release|Any CPU
		{65457414-B55F-47DC-B55B-B62DD215D7F4}.Release|Any CPU.Build.0 = Release|Any CPU
		{AA61A68C-57B7-42C2-AD07-7E758986D0E6}.Debug|Any CPU.ActiveCfg = Debug|Any CPU
		{AA61A68C-57B7-42C2-AD07-7E758986D0E6}.Debug|Any CPU.Build.0 = Debug|Any CPU
		{AA61A68C-57B7-42C2-AD07-7E758986D0E6}.Release|Any CPU.ActiveCfg = Release|Any CPU
		{AA61A68C-57B7-42C2-AD07-7E758986D0E6}.Release|Any CPU.Build.0 = Release|Any CPU
		{41831463-EEAD-47E2-97F4-E87BC720BC05}.Debug|Any CPU.ActiveCfg = Debug|Any CPU
		{41831463-EEAD-47E2-97F4-E87BC720BC05}.Debug|Any CPU.Build.0 = Debug|Any CPU
		{41831463-EEAD-47E2-97F4-E87BC720BC05}.Release|Any CPU.ActiveCfg = Release|Any CPU
		{41831463-EEAD-47E2-97F4-E87BC720BC05}.Release|Any CPU.Build.0 = Release|Any CPU
		{264F3134-AB0A-4A8E-8CD5-6217897CDC7E}.Debug|Any CPU.ActiveCfg = Debug|Any CPU
		{264F3134-AB0A-4A8E-8CD5-6217897CDC7E}.Debug|Any CPU.Build.0 = Debug|Any CPU
		{264F3134-AB0A-4A8E-8CD5-6217897CDC7E}.Release|Any CPU.ActiveCfg = Release|Any CPU
		{264F3134-AB0A-4A8E-8CD5-6217897CDC7E}.Release|Any CPU.Build.0 = Release|Any CPU
		{6D6C7D89-F9ED-4CD5-A0B4-AD72464C00A5}.Debug|Any CPU.ActiveCfg = Debug|Any CPU
		{6D6C7D89-F9ED-4CD5-A0B4-AD72464C00A5}.Debug|Any CPU.Build.0 = Debug|Any CPU
		{6D6C7D89-F9ED-4CD5-A0B4-AD72464C00A5}.Release|Any CPU.ActiveCfg = Release|Any CPU
		{6D6C7D89-F9ED-4CD5-A0B4-AD72464C00A5}.Release|Any CPU.Build.0 = Release|Any CPU
		{7A12F0B5-35CF-4224-920A-4981D7A61AF0}.Debug|Any CPU.ActiveCfg = Debug|Any CPU
		{7A12F0B5-35CF-4224-920A-4981D7A61AF0}.Debug|Any CPU.Build.0 = Debug|Any CPU
		{7A12F0B5-35CF-4224-920A-4981D7A61AF0}.Release|Any CPU.ActiveCfg = Release|Any CPU
		{7A12F0B5-35CF-4224-920A-4981D7A61AF0}.Release|Any CPU.Build.0 = Release|Any CPU
		{06AF698C-A3CC-43E3-9E2B-F044BA618E95}.Debug|Any CPU.ActiveCfg = Debug|Any CPU
		{06AF698C-A3CC-43E3-9E2B-F044BA618E95}.Debug|Any CPU.Build.0 = Debug|Any CPU
		{06AF698C-A3CC-43E3-9E2B-F044BA618E95}.Release|Any CPU.ActiveCfg = Release|Any CPU
		{06AF698C-A3CC-43E3-9E2B-F044BA618E95}.Release|Any CPU.Build.0 = Release|Any CPU
		{DEEF3DE8-FDF2-48AA-A40A-856DFEEBBE1D}.Debug|Any CPU.ActiveCfg = Debug|Any CPU
		{DEEF3DE8-FDF2-48AA-A40A-856DFEEBBE1D}.Debug|Any CPU.Build.0 = Debug|Any CPU
		{DEEF3DE8-FDF2-48AA-A40A-856DFEEBBE1D}.Release|Any CPU.ActiveCfg = Release|Any CPU
		{DEEF3DE8-FDF2-48AA-A40A-856DFEEBBE1D}.Release|Any CPU.Build.0 = Release|Any CPU
		{BC4D48D8-10AF-42C6-A31F-AA728592596C}.Debug|Any CPU.ActiveCfg = Debug|Any CPU
		{BC4D48D8-10AF-42C6-A31F-AA728592596C}.Debug|Any CPU.Build.0 = Debug|Any CPU
		{BC4D48D8-10AF-42C6-A31F-AA728592596C}.Release|Any CPU.ActiveCfg = Release|Any CPU
		{BC4D48D8-10AF-42C6-A31F-AA728592596C}.Release|Any CPU.Build.0 = Release|Any CPU
	EndGlobalSection
	GlobalSection(SolutionProperties) = preSolution
		HideSolutionNode = FALSE
	EndGlobalSection
	GlobalSection(ExtensibilityGlobals) = postSolution
		SolutionGuid = {58A19F46-57D1-4E58-A81D-B981FC7D1EAE}
	EndGlobalSection
EndGlobal
