
Microsoft Visual Studio Solution File, Format Version 12.00
# Visual Studio Version 17
VisualStudioVersion = 17.9.34607.119
MinimumVisualStudioVersion = 10.0.40219.1
Project("{9A19103F-16F7-4668-BE54-9A1E7A4F7556}") = "P01-RichTextBox", "P01-RichTextBox\P01-RichTextBox.csproj", "{E120809C-0A26-40B7-9C90-8124619A4442}"
EndProject
Project("{9A19103F-16F7-4668-BE54-9A1E7A4F7556}") = "P02-Polygon", "P02-Polygon\P02-Polygon.csproj", "{25B8AFBF-D8A6-4021-9F08-54B04A796676}"
EndProject
Project("{FAE04EC0-301F-11D3-BF4B-00C04F79EFBC}") = "P03-FractionCalculator", "P03-FractionCalculator\P03-FractionCalculator.csproj", "{D81F457D-E741-4E2D-B134-C8471FE95B41}"
EndProject
Global
	GlobalSection(SolutionConfigurationPlatforms) = preSolution
		Debug|Any CPU = Debug|Any CPU
		Release|Any CPU = Release|Any CPU
	EndGlobalSection
	GlobalSection(ProjectConfigurationPlatforms) = postSolution
		{E120809C-0A26-40B7-9C90-8124619A4442}.Debug|Any CPU.ActiveCfg = Debug|Any CPU
		{E120809C-0A26-40B7-9C90-8124619A4442}.Debug|Any CPU.Build.0 = Debug|Any CPU
		{E120809C-0A26-40B7-9C90-8124619A4442}.Release|Any CPU.ActiveCfg = Release|Any CPU
		{E120809C-0A26-40B7-9C90-8124619A4442}.Release|Any CPU.Build.0 = Release|Any CPU
		{25B8AFBF-D8A6-4021-9F08-54B04A796676}.Debug|Any CPU.ActiveCfg = Debug|Any CPU
		{25B8AFBF-D8A6-4021-9F08-54B04A796676}.Debug|Any CPU.Build.0 = Debug|Any CPU
		{25B8AFBF-D8A6-4021-9F08-54B04A796676}.Release|Any CPU.ActiveCfg = Release|Any CPU
		{25B8AFBF-D8A6-4021-9F08-54B04A796676}.Release|Any CPU.Build.0 = Release|Any CPU
		{D81F457D-E741-4E2D-B134-C8471FE95B41}.Debug|Any CPU.ActiveCfg = Debug|Any CPU
		{D81F457D-E741-4E2D-B134-C8471FE95B41}.Debug|Any CPU.Build.0 = Debug|Any CPU
		{D81F457D-E741-4E2D-B134-C8471FE95B41}.Release|Any CPU.ActiveCfg = Release|Any CPU
		{D81F457D-E741-4E2D-B134-C8471FE95B41}.Release|Any CPU.Build.0 = Release|Any CPU
	EndGlobalSection
	GlobalSection(SolutionProperties) = preSolution
		HideSolutionNode = FALSE
	EndGlobalSection
	GlobalSection(ExtensibilityGlobals) = postSolution
		SolutionGuid = {C38C1DDD-460F-480A-A582-C5007F9180E2}
	EndGlobalSection
EndGlobal
