
Microsoft Visual Studio Solution File, Format Version 12.00
# Visual Studio Version 16
VisualStudioVersion = 16.0.31515.178
MinimumVisualStudioVersion = 10.0.40219.1
Project("{FAE04EC0-301F-11D3-BF4B-00C04F79EFBC}") = "P01-StreetRacing", "P01-StreetRacing\P01-StreetRacing.csproj", "{B7F200D2-23AA-40B7-9F5F-B21B1977BE4C}"
EndProject
Global
	GlobalSection(SolutionConfigurationPlatforms) = preSolution
		Debug|Any CPU = Debug|Any CPU
		Release|Any CPU = Release|Any CPU
	EndGlobalSection
	GlobalSection(ProjectConfigurationPlatforms) = postSolution
		{B7F200D2-23AA-40B7-9F5F-B21B1977BE4C}.Debug|Any CPU.ActiveCfg = Debug|Any CPU
		{B7F200D2-23AA-40B7-9F5F-B21B1977BE4C}.Debug|Any CPU.Build.0 = Debug|Any CPU
		{B7F200D2-23AA-40B7-9F5F-B21B1977BE4C}.Release|Any CPU.ActiveCfg = Release|Any CPU
		{B7F200D2-23AA-40B7-9F5F-B21B1977BE4C}.Release|Any CPU.Build.0 = Release|Any CPU
	EndGlobalSection
	GlobalSection(SolutionProperties) = preSolution
		HideSolutionNode = FALSE
	EndGlobalSection
	GlobalSection(ExtensibilityGlobals) = postSolution
		SolutionGuid = {E0916E95-68B4-4E96-AFD0-EE9A9588990B}
	EndGlobalSection
EndGlobal
