
Microsoft Visual Studio Solution File, Format Version 12.00
# Visual Studio Version 17
VisualStudioVersion = 17.4.33213.308
MinimumVisualStudioVersion = 10.0.40219.1
Project("{FAE04EC0-301F-11D3-BF4B-00C04F79EFBC}") = "P01-FirstWebApp", "P01-FirstWebApp\P01-FirstWebApp.csproj", "{EA3A356F-D906-4AA4-8636-57A8BA0439C3}"
EndProject
Global
	GlobalSection(SolutionConfigurationPlatforms) = preSolution
		Debug|Any CPU = Debug|Any CPU
		Release|Any CPU = Release|Any CPU
	EndGlobalSection
	GlobalSection(ProjectConfigurationPlatforms) = postSolution
		{EA3A356F-D906-4AA4-8636-57A8BA0439C3}.Debug|Any CPU.ActiveCfg = Debug|Any CPU
		{EA3A356F-D906-4AA4-8636-57A8BA0439C3}.Debug|Any CPU.Build.0 = Debug|Any CPU
		{EA3A356F-D906-4AA4-8636-57A8BA0439C3}.Release|Any CPU.ActiveCfg = Release|Any CPU
		{EA3A356F-D906-4AA4-8636-57A8BA0439C3}.Release|Any CPU.Build.0 = Release|Any CPU
	EndGlobalSection
	GlobalSection(SolutionProperties) = preSolution
		HideSolutionNode = FALSE
	EndGlobalSection
	GlobalSection(ExtensibilityGlobals) = postSolution
		SolutionGuid = {93E448F5-BDA0-48EE-A50F-AB2CE649F5B0}
	EndGlobalSection
EndGlobal
