
Microsoft Visual Studio Solution File, Format Version 12.00
# Visual Studio Version 17
VisualStudioVersion = 17.2.32516.85
MinimumVisualStudioVersion = 10.0.40219.1
Project("{9A19103F-16F7-4668-BE54-9A1E7A4F7556}") = "P01-Pharmacy", "P01-Pharmacy\P01-Pharmacy.csproj", "{609798FE-8AAF-41A3-A5DE-CB5ADFFAFF78}"
EndProject
Project("{9A19103F-16F7-4668-BE54-9A1E7A4F7556}") = "P02-DziCars", "P02-DziCars\P02-DziCars.csproj", "{2C3FE34A-64C5-4A2C-8118-D517BE7EB25F}"
EndProject
Project("{9A19103F-16F7-4668-BE54-9A1E7A4F7556}") = "P03-FishingNet", "P03-FishingNet\P03-FishingNet.csproj", "{81B3BEB9-25D2-4B2F-B39C-0032093C4B5A}"
EndProject
Project("{FAE04EC0-301F-11D3-BF4B-00C04F79EFBC}") = "P04-FurnitureStore", "P04-FurnitureStore\P04-FurnitureStore.csproj", "{D0D33EC5-1797-43F6-8BA1-E9B6E0077335}"
EndProject
Global
	GlobalSection(SolutionConfigurationPlatforms) = preSolution
		Debug|Any CPU = Debug|Any CPU
		Release|Any CPU = Release|Any CPU
	EndGlobalSection
	GlobalSection(ProjectConfigurationPlatforms) = postSolution
		{609798FE-8AAF-41A3-A5DE-CB5ADFFAFF78}.Debug|Any CPU.ActiveCfg = Debug|Any CPU
		{609798FE-8AAF-41A3-A5DE-CB5ADFFAFF78}.Debug|Any CPU.Build.0 = Debug|Any CPU
		{609798FE-8AAF-41A3-A5DE-CB5ADFFAFF78}.Release|Any CPU.ActiveCfg = Release|Any CPU
		{609798FE-8AAF-41A3-A5DE-CB5ADFFAFF78}.Release|Any CPU.Build.0 = Release|Any CPU
		{2C3FE34A-64C5-4A2C-8118-D517BE7EB25F}.Debug|Any CPU.ActiveCfg = Debug|Any CPU
		{2C3FE34A-64C5-4A2C-8118-D517BE7EB25F}.Debug|Any CPU.Build.0 = Debug|Any CPU
		{2C3FE34A-64C5-4A2C-8118-D517BE7EB25F}.Release|Any CPU.ActiveCfg = Release|Any CPU
		{2C3FE34A-64C5-4A2C-8118-D517BE7EB25F}.Release|Any CPU.Build.0 = Release|Any CPU
		{81B3BEB9-25D2-4B2F-B39C-0032093C4B5A}.Debug|Any CPU.ActiveCfg = Debug|Any CPU
		{81B3BEB9-25D2-4B2F-B39C-0032093C4B5A}.Debug|Any CPU.Build.0 = Debug|Any CPU
		{81B3BEB9-25D2-4B2F-B39C-0032093C4B5A}.Release|Any CPU.ActiveCfg = Release|Any CPU
		{81B3BEB9-25D2-4B2F-B39C-0032093C4B5A}.Release|Any CPU.Build.0 = Release|Any CPU
		{D0D33EC5-1797-43F6-8BA1-E9B6E0077335}.Debug|Any CPU.ActiveCfg = Debug|Any CPU
		{D0D33EC5-1797-43F6-8BA1-E9B6E0077335}.Debug|Any CPU.Build.0 = Debug|Any CPU
		{D0D33EC5-1797-43F6-8BA1-E9B6E0077335}.Release|Any CPU.ActiveCfg = Release|Any CPU
		{D0D33EC5-1797-43F6-8BA1-E9B6E0077335}.Release|Any CPU.Build.0 = Release|Any CPU
	EndGlobalSection
	GlobalSection(SolutionProperties) = preSolution
		HideSolutionNode = FALSE
	EndGlobalSection
	GlobalSection(ExtensibilityGlobals) = postSolution
		SolutionGuid = {A231E927-FF11-47A5-B384-073C7BA7937B}
	EndGlobalSection
EndGlobal
