
Microsoft Visual Studio Solution File, Format Version 12.00
# Visual Studio Version 17
VisualStudioVersion = 17.0.32126.317
MinimumVisualStudioVersion = 10.0.40219.1
Project("{FAE04EC0-301F-11D3-BF4B-00C04F79EFBC}") = "DR2_1901181004", "DR2_1901181004\DR2_1901181004.csproj", "{D4CAB30F-9A56-46D4-ADFD-3BA886F83A55}"
EndProject
Global
	GlobalSection(SolutionConfigurationPlatforms) = preSolution
		Debug|Any CPU = Debug|Any CPU
		Release|Any CPU = Release|Any CPU
	EndGlobalSection
	GlobalSection(ProjectConfigurationPlatforms) = postSolution
		{D4CAB30F-9A56-46D4-ADFD-3BA886F83A55}.Debug|Any CPU.ActiveCfg = Debug|Any CPU
		{D4CAB30F-9A56-46D4-ADFD-3BA886F83A55}.Debug|Any CPU.Build.0 = Debug|Any CPU
		{D4CAB30F-9A56-46D4-ADFD-3BA886F83A55}.Release|Any CPU.ActiveCfg = Release|Any CPU
		{D4CAB30F-9A56-46D4-ADFD-3BA886F83A55}.Release|Any CPU.Build.0 = Release|Any CPU
	EndGlobalSection
	GlobalSection(SolutionProperties) = preSolution
		HideSolutionNode = FALSE
	EndGlobalSection
	GlobalSection(ExtensibilityGlobals) = postSolution
		SolutionGuid = {C315C807-325D-44F0-A857-88E2CC55D1F2}
	EndGlobalSection
EndGlobal
