
Microsoft Visual Studio Solution File, Format Version 12.00
# Visual Studio Version 17
VisualStudioVersion = 17.14.36705.20 d17.14
MinimumVisualStudioVersion = 10.0.40219.1
Project("{FAE04EC0-301F-11D3-BF4B-00C04F79EFBC}") = "P01-HotelRoom", "P01-HotelRoom\P01-HotelRoom.csproj", "{1BCF289C-7383-4937-B6F1-E737B7DC82D1}"
EndProject
Project("{FAE04EC0-301F-11D3-BF4B-00C04F79EFBC}") = "P02-MagicCombination", "P02-MagicCombination\P02-MagicCombination.csproj", "{FACB0456-9E14-4672-B293-EBEE8358620F}"
EndProject
Global
	GlobalSection(SolutionConfigurationPlatforms) = preSolution
		Debug|Any CPU = Debug|Any CPU
		Release|Any CPU = Release|Any CPU
	EndGlobalSection
	GlobalSection(ProjectConfigurationPlatforms) = postSolution
		{1BCF289C-7383-4937-B6F1-E737B7DC82D1}.Debug|Any CPU.ActiveCfg = Debug|Any CPU
		{1BCF289C-7383-4937-B6F1-E737B7DC82D1}.Debug|Any CPU.Build.0 = Debug|Any CPU
		{1BCF289C-7383-4937-B6F1-E737B7DC82D1}.Release|Any CPU.ActiveCfg = Release|Any CPU
		{1BCF289C-7383-4937-B6F1-E737B7DC82D1}.Release|Any CPU.Build.0 = Release|Any CPU
		{FACB0456-9E14-4672-B293-EBEE8358620F}.Debug|Any CPU.ActiveCfg = Debug|Any CPU
		{FACB0456-9E14-4672-B293-EBEE8358620F}.Debug|Any CPU.Build.0 = Debug|Any CPU
		{FACB0456-9E14-4672-B293-EBEE8358620F}.Release|Any CPU.ActiveCfg = Release|Any CPU
		{FACB0456-9E14-4672-B293-EBEE8358620F}.Release|Any CPU.Build.0 = Release|Any CPU
	EndGlobalSection
	GlobalSection(SolutionProperties) = preSolution
		HideSolutionNode = FALSE
	EndGlobalSection
	GlobalSection(ExtensibilityGlobals) = postSolution
		SolutionGuid = {64217C15-B831-48DA-BE8E-03D2E6A26CC3}
	EndGlobalSection
EndGlobal
