
Microsoft Visual Studio Solution File, Format Version 12.00
# Visual Studio Version 17
VisualStudioVersion = 17.4.33213.308
MinimumVisualStudioVersion = 10.0.40219.1
Project("{9A19103F-16F7-4668-BE54-9A1E7A4F7556}") = "P00-Demo", "P00-Demo\P00-Demo.csproj", "{2EC92056-0B66-43DF-AEB4-D287A2C0E2CA}"
EndProject
Project("{9A19103F-16F7-4668-BE54-9A1E7A4F7556}") = "BinarySearchTree", "BinarySearchTree\BinarySearchTree.csproj", "{1F5DA23C-B90E-418B-A997-E124226785C5}"
EndProject
Project("{9A19103F-16F7-4668-BE54-9A1E7A4F7556}") = "BinaryTree", "BinaryTree\BinaryTree.csproj", "{E265DC45-E5B1-421F-B083-4FBA774CD279}"
EndProject
Project("{9A19103F-16F7-4668-BE54-9A1E7A4F7556}") = "BreadthFirstSearch", "BreadthFirstSearch\BreadthFirstSearch.csproj", "{46CC77C4-D7C0-437E-AF0F-381F21FC848A}"
EndProject
Project("{9A19103F-16F7-4668-BE54-9A1E7A4F7556}") = "CyclesBreaker", "CyclesBreaker\CyclesBreaker.csproj", "{9FBA97E8-7A7A-4BEB-B67F-9A8FD1BEA6EF}"
EndProject
Project("{9A19103F-16F7-4668-BE54-9A1E7A4F7556}") = "DeepestNode", "DeepestNode\DeepestNode.csproj", "{265473E6-E272-4612-A9DE-9462402B233B}"
EndProject
Project("{9A19103F-16F7-4668-BE54-9A1E7A4F7556}") = "DepthFirstSearch", "DepthFirstSearch\DepthFirstSearch.csproj", "{CDFFAB00-0BAA-4804-9E43-EEFEF1A07128}"
EndProject
Project("{9A19103F-16F7-4668-BE54-9A1E7A4F7556}") = "FindRoot", "FindRoot\FindRoot.csproj", "{517731EC-DE0E-47F8-859E-DFF86A40A481}"
EndProject
Project("{9A19103F-16F7-4668-BE54-9A1E7A4F7556}") = "GraphCycle", "GraphCycle\GraphCycle.csproj", "{DA6D9AEC-004F-4900-AC54-40313274BDA4}"
EndProject
Project("{9A19103F-16F7-4668-BE54-9A1E7A4F7556}") = "LongestPath", "LongestPath\LongestPath.csproj", "{8879A3F6-78DC-4F49-9BE1-E30086FB4E3D}"
EndProject
Project("{9A19103F-16F7-4668-BE54-9A1E7A4F7556}") = "MatrixRegions", "MatrixRegions\MatrixRegions.csproj", "{7AC26CD1-517A-4ACE-A64F-17E0226CF2F0}"
EndProject
Project("{9A19103F-16F7-4668-BE54-9A1E7A4F7556}") = "MiddleNodes", "MiddleNodes\MiddleNodes.csproj", "{38BFB21F-76D0-4D9B-865D-5DAE36F2F27C}"
EndProject
Project("{9A19103F-16F7-4668-BE54-9A1E7A4F7556}") = "PathsWithGivenSum", "PathsWithGivenSum\PathsWithGivenSum.csproj", "{6D96F1CE-FFCC-4125-B7C8-53C73697A0F5}"
EndProject
Project("{9A19103F-16F7-4668-BE54-9A1E7A4F7556}") = "PrintLeaves", "PrintLeaves\PrintLeaves.csproj", "{ECC27B5C-3CC3-47FF-93CD-83C479246BC1}"
EndProject
Project("{9A19103F-16F7-4668-BE54-9A1E7A4F7556}") = "PrintTree", "PrintTree\PrintTree.csproj", "{248CB63E-9569-43D8-AD66-93C9BF9B0690}"
EndProject
Project("{9A19103F-16F7-4668-BE54-9A1E7A4F7556}") = "Tree", "Tree\Tree.csproj", "{F5E6D817-4F80-4AC7-B044-87A08281B124}"
EndProject
Project("{9A19103F-16F7-4668-BE54-9A1E7A4F7556}") = "VertexDistances", "VertexDistances\VertexDistances.csproj", "{3374C932-4FB5-4F7D-83D4-7BD60EBDEDB8}"
EndProject
Project("{9A19103F-16F7-4668-BE54-9A1E7A4F7556}") = "P01-Trees", "P01-Trees\P01-Trees.csproj", "{6E505E6F-3381-4BD2-8AB0-B2E470D76ED8}"
EndProject
Project("{9A19103F-16F7-4668-BE54-9A1E7A4F7556}") = "P00-Exam", "P00-Exam\P00-Exam.csproj", "{5AE3DC66-BDC3-45A9-BA56-C90FB8C183C4}"
EndProject
Project("{FAE04EC0-301F-11D3-BF4B-00C04F79EFBC}") = "P00-Graph", "P00-Graph\P00-Graph.csproj", "{459DAE62-8C5D-46D2-B3FC-36B585AF379A}"
EndProject
Project("{FAE04EC0-301F-11D3-BF4B-00C04F79EFBC}") = "P00-GraphMatrix", "P00-GraphMatrix\P00-GraphMatrix.csproj", "{9D1058F5-7D16-48C2-AFE9-4C91A0FB54AE}"
EndProject
Global
	GlobalSection(SolutionConfigurationPlatforms) = preSolution
		Debug|Any CPU = Debug|Any CPU
		Release|Any CPU = Release|Any CPU
	EndGlobalSection
	GlobalSection(ProjectConfigurationPlatforms) = postSolution
		{2EC92056-0B66-43DF-AEB4-D287A2C0E2CA}.Debug|Any CPU.ActiveCfg = Debug|Any CPU
		{2EC92056-0B66-43DF-AEB4-D287A2C0E2CA}.Debug|Any CPU.Build.0 = Debug|Any CPU
		{2EC92056-0B66-43DF-AEB4-D287A2C0E2CA}.Release|Any CPU.ActiveCfg = Release|Any CPU
		{2EC92056-0B66-43DF-AEB4-D287A2C0E2CA}.Release|Any CPU.Build.0 = Release|Any CPU
		{1F5DA23C-B90E-418B-A997-E124226785C5}.Debug|Any CPU.ActiveCfg = Debug|Any CPU
		{1F5DA23C-B90E-418B-A997-E124226785C5}.Debug|Any CPU.Build.0 = Debug|Any CPU
		{1F5DA23C-B90E-418B-A997-E124226785C5}.Release|Any CPU.ActiveCfg = Release|Any CPU
		{1F5DA23C-B90E-418B-A997-E124226785C5}.Release|Any CPU.Build.0 = Release|Any CPU
		{E265DC45-E5B1-421F-B083-4FBA774CD279}.Debug|Any CPU.ActiveCfg = Debug|Any CPU
		{E265DC45-E5B1-421F-B083-4FBA774CD279}.Debug|Any CPU.Build.0 = Debug|Any CPU
		{E265DC45-E5B1-421F-B083-4FBA774CD279}.Release|Any CPU.ActiveCfg = Release|Any CPU
		{E265DC45-E5B1-421F-B083-4FBA774CD279}.Release|Any CPU.Build.0 = Release|Any CPU
		{46CC77C4-D7C0-437E-AF0F-381F21FC848A}.Debug|Any CPU.ActiveCfg = Debug|Any CPU
		{46CC77C4-D7C0-437E-AF0F-381F21FC848A}.Debug|Any CPU.Build.0 = Debug|Any CPU
		{46CC77C4-D7C0-437E-AF0F-381F21FC848A}.Release|Any CPU.ActiveCfg = Release|Any CPU
		{46CC77C4-D7C0-437E-AF0F-381F21FC848A}.Release|Any CPU.Build.0 = Release|Any CPU
		{9FBA97E8-7A7A-4BEB-B67F-9A8FD1BEA6EF}.Debug|Any CPU.ActiveCfg = Debug|Any CPU
		{9FBA97E8-7A7A-4BEB-B67F-9A8FD1BEA6EF}.Debug|Any CPU.Build.0 = Debug|Any CPU
		{9FBA97E8-7A7A-4BEB-B67F-9A8FD1BEA6EF}.Release|Any CPU.ActiveCfg = Release|Any CPU
		{9FBA97E8-7A7A-4BEB-B67F-9A8FD1BEA6EF}.Release|Any CPU.Build.0 = Release|Any CPU
		{265473E6-E272-4612-A9DE-9462402B233B}.Debug|Any CPU.ActiveCfg = Debug|Any CPU
		{265473E6-E272-4612-A9DE-9462402B233B}.Debug|Any CPU.Build.0 = Debug|Any CPU
		{265473E6-E272-4612-A9DE-9462402B233B}.Release|Any CPU.ActiveCfg = Release|Any CPU
		{265473E6-E272-4612-A9DE-9462402B233B}.Release|Any CPU.Build.0 = Release|Any CPU
		{CDFFAB00-0BAA-4804-9E43-EEFEF1A07128}.Debug|Any CPU.ActiveCfg = Debug|Any CPU
		{CDFFAB00-0BAA-4804-9E43-EEFEF1A07128}.Debug|Any CPU.Build.0 = Debug|Any CPU
		{CDFFAB00-0BAA-4804-9E43-EEFEF1A07128}.Release|Any CPU.ActiveCfg = Release|Any CPU
		{CDFFAB00-0BAA-4804-9E43-EEFEF1A07128}.Release|Any CPU.Build.0 = Release|Any CPU
		{517731EC-DE0E-47F8-859E-DFF86A40A481}.Debug|Any CPU.ActiveCfg = Debug|Any CPU
		{517731EC-DE0E-47F8-859E-DFF86A40A481}.Debug|Any CPU.Build.0 = Debug|Any CPU
		{517731EC-DE0E-47F8-859E-DFF86A40A481}.Release|Any CPU.ActiveCfg = Release|Any CPU
		{517731EC-DE0E-47F8-859E-DFF86A40A481}.Release|Any CPU.Build.0 = Release|Any CPU
		{DA6D9AEC-004F-4900-AC54-40313274BDA4}.Debug|Any CPU.ActiveCfg = Debug|Any CPU
		{DA6D9AEC-004F-4900-AC54-40313274BDA4}.Debug|Any CPU.Build.0 = Debug|Any CPU
		{DA6D9AEC-004F-4900-AC54-40313274BDA4}.Release|Any CPU.ActiveCfg = Release|Any CPU
		{DA6D9AEC-004F-4900-AC54-40313274BDA4}.Release|Any CPU.Build.0 = Release|Any CPU
		{8879A3F6-78DC-4F49-9BE1-E30086FB4E3D}.Debug|Any CPU.ActiveCfg = Debug|Any CPU
		{8879A3F6-78DC-4F49-9BE1-E30086FB4E3D}.Debug|Any CPU.Build.0 = Debug|Any CPU
		{8879A3F6-78DC-4F49-9BE1-E30086FB4E3D}.Release|Any CPU.ActiveCfg = Release|Any CPU
		{8879A3F6-78DC-4F49-9BE1-E30086FB4E3D}.Release|Any CPU.Build.0 = Release|Any CPU
		{7AC26CD1-517A-4ACE-A64F-17E0226CF2F0}.Debug|Any CPU.ActiveCfg = Debug|Any CPU
		{7AC26CD1-517A-4ACE-A64F-17E0226CF2F0}.Debug|Any CPU.Build.0 = Debug|Any CPU
		{7AC26CD1-517A-4ACE-A64F-17E0226CF2F0}.Release|Any CPU.ActiveCfg = Release|Any CPU
		{7AC26CD1-517A-4ACE-A64F-17E0226CF2F0}.Release|Any CPU.Build.0 = Release|Any CPU
		{38BFB21F-76D0-4D9B-865D-5DAE36F2F27C}.Debug|Any CPU.ActiveCfg = Debug|Any CPU
		{38BFB21F-76D0-4D9B-865D-5DAE36F2F27C}.Debug|Any CPU.Build.0 = Debug|Any CPU
		{38BFB21F-76D0-4D9B-865D-5DAE36F2F27C}.Release|Any CPU.ActiveCfg = Release|Any CPU
		{38BFB21F-76D0-4D9B-865D-5DAE36F2F27C}.Release|Any CPU.Build.0 = Release|Any CPU
		{6D96F1CE-FFCC-4125-B7C8-53C73697A0F5}.Debug|Any CPU.ActiveCfg = Debug|Any CPU
		{6D96F1CE-FFCC-4125-B7C8-53C73697A0F5}.Debug|Any CPU.Build.0 = Debug|Any CPU
		{6D96F1CE-FFCC-4125-B7C8-53C73697A0F5}.Release|Any CPU.ActiveCfg = Release|Any CPU
		{6D96F1CE-FFCC-4125-B7C8-53C73697A0F5}.Release|Any CPU.Build.0 = Release|Any CPU
		{ECC27B5C-3CC3-47FF-93CD-83C479246BC1}.Debug|Any CPU.ActiveCfg = Debug|Any CPU
		{ECC27B5C-3CC3-47FF-93CD-83C479246BC1}.Debug|Any CPU.Build.0 = Debug|Any CPU
		{ECC27B5C-3CC3-47FF-93CD-83C479246BC1}.Release|Any CPU.ActiveCfg = Release|Any CPU
		{ECC27B5C-3CC3-47FF-93CD-83C479246BC1}.Release|Any CPU.Build.0 = Release|Any CPU
		{248CB63E-9569-43D8-AD66-93C9BF9B0690}.Debug|Any CPU.ActiveCfg = Debug|Any CPU
		{248CB63E-9569-43D8-AD66-93C9BF9B0690}.Debug|Any CPU.Build.0 = Debug|Any CPU
		{248CB63E-9569-43D8-AD66-93C9BF9B0690}.Release|Any CPU.ActiveCfg = Release|Any CPU
		{248CB63E-9569-43D8-AD66-93C9BF9B0690}.Release|Any CPU.Build.0 = Release|Any CPU
		{F5E6D817-4F80-4AC7-B044-87A08281B124}.Debug|Any CPU.ActiveCfg = Debug|Any CPU
		{F5E6D817-4F80-4AC7-B044-87A08281B124}.Debug|Any CPU.Build.0 = Debug|Any CPU
		{F5E6D817-4F80-4AC7-B044-87A08281B124}.Release|Any CPU.ActiveCfg = Release|Any CPU
		{F5E6D817-4F80-4AC7-B044-87A08281B124}.Release|Any CPU.Build.0 = Release|Any CPU
		{3374C932-4FB5-4F7D-83D4-7BD60EBDEDB8}.Debug|Any CPU.ActiveCfg = Debug|Any CPU
		{3374C932-4FB5-4F7D-83D4-7BD60EBDEDB8}.Debug|Any CPU.Build.0 = Debug|Any CPU
		{3374C932-4FB5-4F7D-83D4-7BD60EBDEDB8}.Release|Any CPU.ActiveCfg = Release|Any CPU
		{3374C932-4FB5-4F7D-83D4-7BD60EBDEDB8}.Release|Any CPU.Build.0 = Release|Any CPU
		{6E505E6F-3381-4BD2-8AB0-B2E470D76ED8}.Debug|Any CPU.ActiveCfg = Debug|Any CPU
		{6E505E6F-3381-4BD2-8AB0-B2E470D76ED8}.Debug|Any CPU.Build.0 = Debug|Any CPU
		{6E505E6F-3381-4BD2-8AB0-B2E470D76ED8}.Release|Any CPU.ActiveCfg = Release|Any CPU
		{6E505E6F-3381-4BD2-8AB0-B2E470D76ED8}.Release|Any CPU.Build.0 = Release|Any CPU
		{5AE3DC66-BDC3-45A9-BA56-C90FB8C183C4}.Debug|Any CPU.ActiveCfg = Debug|Any CPU
		{5AE3DC66-BDC3-45A9-BA56-C90FB8C183C4}.Debug|Any CPU.Build.0 = Debug|Any CPU
		{5AE3DC66-BDC3-45A9-BA56-C90FB8C183C4}.Release|Any CPU.ActiveCfg = Release|Any CPU
		{5AE3DC66-BDC3-45A9-BA56-C90FB8C183C4}.Release|Any CPU.Build.0 = Release|Any CPU
		{459DAE62-8C5D-46D2-B3FC-36B585AF379A}.Debug|Any CPU.ActiveCfg = Debug|Any CPU
		{459DAE62-8C5D-46D2-B3FC-36B585AF379A}.Debug|Any CPU.Build.0 = Debug|Any CPU
		{459DAE62-8C5D-46D2-B3FC-36B585AF379A}.Release|Any CPU.ActiveCfg = Release|Any CPU
		{459DAE62-8C5D-46D2-B3FC-36B585AF379A}.Release|Any CPU.Build.0 = Release|Any CPU
		{9D1058F5-7D16-48C2-AFE9-4C91A0FB54AE}.Debug|Any CPU.ActiveCfg = Debug|Any CPU
		{9D1058F5-7D16-48C2-AFE9-4C91A0FB54AE}.Debug|Any CPU.Build.0 = Debug|Any CPU
		{9D1058F5-7D16-48C2-AFE9-4C91A0FB54AE}.Release|Any CPU.ActiveCfg = Release|Any CPU
		{9D1058F5-7D16-48C2-AFE9-4C91A0FB54AE}.Release|Any CPU.Build.0 = Release|Any CPU
	EndGlobalSection
	GlobalSection(SolutionProperties) = preSolution
		HideSolutionNode = FALSE
	EndGlobalSection
	GlobalSection(ExtensibilityGlobals) = postSolution
		SolutionGuid = {12BE2936-378E-4C34-B184-E56855812FB3}
	EndGlobalSection
EndGlobal
