
Microsoft Visual Studio Solution File, Format Version 12.00
# Visual Studio Version 17
VisualStudioVersion = 17.2.32516.85
MinimumVisualStudioVersion = 10.0.40219.1
Project("{FAE04EC0-301F-11D3-BF4B-00C04F79EFBC}") = "DR1_1901181004", "DR1_1901181004\DR1_1901181004.csproj", "{D1711416-CA67-40ED-BDD0-DAAC45A24277}"
EndProject
Global
	GlobalSection(SolutionConfigurationPlatforms) = preSolution
		Debug|Any CPU = Debug|Any CPU
		Release|Any CPU = Release|Any CPU
	EndGlobalSection
	GlobalSection(ProjectConfigurationPlatforms) = postSolution
		{D1711416-CA67-40ED-BDD0-DAAC45A24277}.Debug|Any CPU.ActiveCfg = Debug|Any CPU
		{D1711416-CA67-40ED-BDD0-DAAC45A24277}.Debug|Any CPU.Build.0 = Debug|Any CPU
		{D1711416-CA67-40ED-BDD0-DAAC45A24277}.Release|Any CPU.ActiveCfg = Release|Any CPU
		{D1711416-CA67-40ED-BDD0-DAAC45A24277}.Release|Any CPU.Build.0 = Release|Any CPU
	EndGlobalSection
	GlobalSection(SolutionProperties) = preSolution
		HideSolutionNode = FALSE
	EndGlobalSection
	GlobalSection(ExtensibilityGlobals) = postSolution
		SolutionGuid = {D665ECB6-8926-4D7A-9753-06FDB79958C5}
	EndGlobalSection
EndGlobal
