
Microsoft Visual Studio Solution File, Format Version 12.00
# Visual Studio Version 16
VisualStudioVersion = 16.0.31321.278
MinimumVisualStudioVersion = 10.0.40219.1
Project("{9A19103F-16F7-4668-BE54-9A1E7A4F7556}") = "P03-RandomArray", "P03-RandomArray\P03-RandomArray.csproj", "{D26F430E-CB09-46E3-BEDF-1C398A46761A}"
EndProject
Project("{FAE04EC0-301F-11D3-BF4B-00C04F79EFBC}") = "P05-Arrays", "P05-Arrays\P05-Arrays.csproj", "{7249D59C-AC92-43D2-AC94-4196F39BE564}"
EndProject
Global
	GlobalSection(SolutionConfigurationPlatforms) = preSolution
		Debug|Any CPU = Debug|Any CPU
		Release|Any CPU = Release|Any CPU
	EndGlobalSection
	GlobalSection(ProjectConfigurationPlatforms) = postSolution
		{D26F430E-CB09-46E3-BEDF-1C398A46761A}.Debug|Any CPU.ActiveCfg = Debug|Any CPU
		{D26F430E-CB09-46E3-BEDF-1C398A46761A}.Debug|Any CPU.Build.0 = Debug|Any CPU
		{D26F430E-CB09-46E3-BEDF-1C398A46761A}.Release|Any CPU.ActiveCfg = Release|Any CPU
		{D26F430E-CB09-46E3-BEDF-1C398A46761A}.Release|Any CPU.Build.0 = Release|Any CPU
		{7249D59C-AC92-43D2-AC94-4196F39BE564}.Debug|Any CPU.ActiveCfg = Debug|Any CPU
		{7249D59C-AC92-43D2-AC94-4196F39BE564}.Debug|Any CPU.Build.0 = Debug|Any CPU
		{7249D59C-AC92-43D2-AC94-4196F39BE564}.Release|Any CPU.ActiveCfg = Release|Any CPU
		{7249D59C-AC92-43D2-AC94-4196F39BE564}.Release|Any CPU.Build.0 = Release|Any CPU
	EndGlobalSection
	GlobalSection(SolutionProperties) = preSolution
		HideSolutionNode = FALSE
	EndGlobalSection
	GlobalSection(ExtensibilityGlobals) = postSolution
		SolutionGuid = {B668312B-A0E5-442C-8906-0A762DD15291}
	EndGlobalSection
EndGlobal
