
Microsoft Visual Studio Solution File, Format Version 12.00
# Visual Studio Version 17
VisualStudioVersion = 17.4.33213.308
MinimumVisualStudioVersion = 10.0.40219.1
Project("{9A19103F-16F7-4668-BE54-9A1E7A4F7556}") = "P00-DictionaryDemo", "P00-DictionaryDemo\P00-DictionaryDemo.csproj", "{36DBA889-DCD1-4FE6-8AA1-BF34FCC46A4D}"
EndProject
Project("{9A19103F-16F7-4668-BE54-9A1E7A4F7556}") = "P02-PhoneBook", "P02-PhoneBook\P02-PhoneBook.csproj", "{ACDEA540-3704-4B66-B9DD-E2AB04BED154}"
EndProject
Project("{9A19103F-16F7-4668-BE54-9A1E7A4F7556}") = "03.Miniori", "03.Miniori\03.Miniori.csproj", "{65D24FA0-79C5-4877-A1DD-3A0AA43E4113}"
EndProject
Project("{FAE04EC0-301F-11D3-BF4B-00C04F79EFBC}") = "P00-CharCounter", "P00-CharCounter\P00-CharCounter.csproj", "{832E4EA4-0698-4AA3-967E-DB87127F5823}"
EndProject
Global
	GlobalSection(SolutionConfigurationPlatforms) = preSolution
		Debug|Any CPU = Debug|Any CPU
		Release|Any CPU = Release|Any CPU
	EndGlobalSection
	GlobalSection(ProjectConfigurationPlatforms) = postSolution
		{36DBA889-DCD1-4FE6-8AA1-BF34FCC46A4D}.Debug|Any CPU.ActiveCfg = Debug|Any CPU
		{36DBA889-DCD1-4FE6-8AA1-BF34FCC46A4D}.Debug|Any CPU.Build.0 = Debug|Any CPU
		{36DBA889-DCD1-4FE6-8AA1-BF34FCC46A4D}.Release|Any CPU.ActiveCfg = Release|Any CPU
		{36DBA889-DCD1-4FE6-8AA1-BF34FCC46A4D}.Release|Any CPU.Build.0 = Release|Any CPU
		{ACDEA540-3704-4B66-B9DD-E2AB04BED154}.Debug|Any CPU.ActiveCfg = Debug|Any CPU
		{ACDEA540-3704-4B66-B9DD-E2AB04BED154}.Debug|Any CPU.Build.0 = Debug|Any CPU
		{ACDEA540-3704-4B66-B9DD-E2AB04BED154}.Release|Any CPU.ActiveCfg = Release|Any CPU
		{ACDEA540-3704-4B66-B9DD-E2AB04BED154}.Release|Any CPU.Build.0 = Release|Any CPU
		{65D24FA0-79C5-4877-A1DD-3A0AA43E4113}.Debug|Any CPU.ActiveCfg = Debug|Any CPU
		{65D24FA0-79C5-4877-A1DD-3A0AA43E4113}.Debug|Any CPU.Build.0 = Debug|Any CPU
		{65D24FA0-79C5-4877-A1DD-3A0AA43E4113}.Release|Any CPU.ActiveCfg = Release|Any CPU
		{65D24FA0-79C5-4877-A1DD-3A0AA43E4113}.Release|Any CPU.Build.0 = Release|Any CPU
		{832E4EA4-0698-4AA3-967E-DB87127F5823}.Debug|Any CPU.ActiveCfg = Debug|Any CPU
		{832E4EA4-0698-4AA3-967E-DB87127F5823}.Debug|Any CPU.Build.0 = Debug|Any CPU
		{832E4EA4-0698-4AA3-967E-DB87127F5823}.Release|Any CPU.ActiveCfg = Release|Any CPU
		{832E4EA4-0698-4AA3-967E-DB87127F5823}.Release|Any CPU.Build.0 = Release|Any CPU
	EndGlobalSection
	GlobalSection(SolutionProperties) = preSolution
		HideSolutionNode = FALSE
	EndGlobalSection
	GlobalSection(ExtensibilityGlobals) = postSolution
		SolutionGuid = {86989C84-727C-4018-BFBF-5A63DA13033F}
	EndGlobalSection
EndGlobal
