
Microsoft Visual Studio Solution File, Format Version 12.00
# Visual Studio Version 16
VisualStudioVersion = 16.0.31424.327
MinimumVisualStudioVersion = 10.0.40219.1
Project("{9A19103F-16F7-4668-BE54-9A1E7A4F7556}") = "P00-DemoBool", "P00-DemoBool\P00-DemoBool.csproj", "{7EC5AFDC-FE5E-47D2-A1CA-26EB900B7EB4}"
EndProject
Project("{9A19103F-16F7-4668-BE54-9A1E7A4F7556}") = "P00-DemoAnd", "P00-DemoAnd\P00-DemoAnd.csproj", "{AB545330-FC51-4B39-B281-1186BE6CCD6B}"
EndProject
Project("{9A19103F-16F7-4668-BE54-9A1E7A4F7556}") = "P00-DemoOr", "P00-DemoOr\P00-DemoOr.csproj", "{136A80E4-E166-47DC-9D0E-CF4EAF0309E0}"
EndProject
Project("{9A19103F-16F7-4668-BE54-9A1E7A4F7556}") = "P01-EvenOrOdd", "P01-EvenOrOdd\P01-EvenOrOdd.csproj", "{FD972723-935E-43D8-8FB3-BAA7F51DBB2B}"
EndProject
Project("{9A19103F-16F7-4668-BE54-9A1E7A4F7556}") = "P02-PositiveNegativeOrZero", "P02-PositiveNegativeOrZero\P02-PositiveNegativeOrZero.csproj", "{5E396E7A-5E87-4485-9616-A24849B07827}"
EndProject
Project("{9A19103F-16F7-4668-BE54-9A1E7A4F7556}") = "P03-Students", "P03-Students\P03-Students.csproj", "{CA96D4DD-2ED2-49A2-96FF-79FD0C6BC8D5}"
EndProject
Project("{9A19103F-16F7-4668-BE54-9A1E7A4F7556}") = "P04-SortNums", "P04-SortNums\P04-SortNums.csproj", "{63E85EBF-1F8B-4841-8ED7-A8A4131975D8}"
EndProject
Project("{9A19103F-16F7-4668-BE54-9A1E7A4F7556}") = "P05-PrintNumbers", "P05-PrintNumbers\P05-PrintNumbers.csproj", "{29EFC4E8-C658-4450-8C83-A3D1C5CC28C6}"
EndProject
Project("{9A19103F-16F7-4668-BE54-9A1E7A4F7556}") = "P06-PrintSquare", "P06-PrintSquare\P06-PrintSquare.csproj", "{97B910D7-044B-4CC3-A94D-6BBF94C33048}"
EndProject
Project("{9A19103F-16F7-4668-BE54-9A1E7A4F7556}") = "P07-PrintTriangle", "P07-PrintTriangle\P07-PrintTriangle.csproj", "{583ACF95-0D15-4DEB-83BB-FBEF4BA4FAC2}"
EndProject
Project("{9A19103F-16F7-4668-BE54-9A1E7A4F7556}") = "P08-Triangle_2", "P08-Triangle_2\P08-Triangle_2.csproj", "{91B0A277-974D-4D40-BFE3-2CC53FB15E43}"
EndProject
Project("{9A19103F-16F7-4668-BE54-9A1E7A4F7556}") = "P09-Triangle_3", "P09-Triangle_3\P09-Triangle_3.csproj", "{E04AEC4B-B609-44F8-9101-43229B9A0345}"
EndProject
Project("{9A19103F-16F7-4668-BE54-9A1E7A4F7556}") = "P10-Triangle_4", "P10-Triangle_4\P10-Triangle_4.csproj", "{E06B4746-7E71-4EE5-B8D2-1629851025C1}"
EndProject
Project("{9A19103F-16F7-4668-BE54-9A1E7A4F7556}") = "P11-MaxNumber", "P11-MaxNumber\P11-MaxNumber.csproj", "{DED77023-D741-4EC2-A030-3978FB422B15}"
EndProject
Project("{9A19103F-16F7-4668-BE54-9A1E7A4F7556}") = "P12-MaxNumber_2", "P12-MaxNumber_2\P12-MaxNumber_2.csproj", "{BC16C934-08EB-4AAB-AB07-DCA546DD65AC}"
EndProject
Project("{9A19103F-16F7-4668-BE54-9A1E7A4F7556}") = "P13-RandomListMinElement", "P13-RandomListMinElement\P13-RandomListMinElement.csproj", "{8466668E-0635-4564-9C95-6CD30985BE4D}"
EndProject
Project("{9A19103F-16F7-4668-BE54-9A1E7A4F7556}") = "P14-Firma", "P14-Firma\P14-Firma.csproj", "{14D2C90A-FDDD-4962-84DA-9355FC0AEC28}"
EndProject
Project("{9A19103F-16F7-4668-BE54-9A1E7A4F7556}") = "P15-Firma_2", "P15-Firma_2\P15-Firma_2.csproj", "{ED9B9BAD-CC0A-46A7-BFBB-63508F999E46}"
EndProject
Project("{9A19103F-16F7-4668-BE54-9A1E7A4F7556}") = "P16-Apples", "P16-Apples\P16-Apples.csproj", "{E4CE7BC2-B6EB-4A9D-BE2C-0A28DE693C72}"
EndProject
Project("{9A19103F-16F7-4668-BE54-9A1E7A4F7556}") = "P17-DemoFiles", "P17-DemoFiles\P17-DemoFiles.csproj", "{30675665-55E5-4D8E-87AD-60E5574666AA}"
EndProject
Project("{FAE04EC0-301F-11D3-BF4B-00C04F79EFBC}") = "P18-Students", "P18-Students\P18-Students.csproj", "{419A1C7E-CE3F-44B7-B35A-731479A58F0A}"
EndProject
Project("{FAE04EC0-301F-11D3-BF4B-00C04F79EFBC}") = "P19-StudentsGrade", "P19-StudentsGrade\P19-StudentsGrade.csproj", "{C807494B-4AA8-4A0F-A0D7-A9C2056EA1C0}"
EndProject
Global
	GlobalSection(SolutionConfigurationPlatforms) = preSolution
		Debug|Any CPU = Debug|Any CPU
		Release|Any CPU = Release|Any CPU
	EndGlobalSection
	GlobalSection(ProjectConfigurationPlatforms) = postSolution
		{7EC5AFDC-FE5E-47D2-A1CA-26EB900B7EB4}.Debug|Any CPU.ActiveCfg = Debug|Any CPU
		{7EC5AFDC-FE5E-47D2-A1CA-26EB900B7EB4}.Debug|Any CPU.Build.0 = Debug|Any CPU
		{7EC5AFDC-FE5E-47D2-A1CA-26EB900B7EB4}.Release|Any CPU.ActiveCfg = Release|Any CPU
		{7EC5AFDC-FE5E-47D2-A1CA-26EB900B7EB4}.Release|Any CPU.Build.0 = Release|Any CPU
		{AB545330-FC51-4B39-B281-1186BE6CCD6B}.Debug|Any CPU.ActiveCfg = Debug|Any CPU
		{AB545330-FC51-4B39-B281-1186BE6CCD6B}.Debug|Any CPU.Build.0 = Debug|Any CPU
		{AB545330-FC51-4B39-B281-1186BE6CCD6B}.Release|Any CPU.ActiveCfg = Release|Any CPU
		{AB545330-FC51-4B39-B281-1186BE6CCD6B}.Release|Any CPU.Build.0 = Release|Any CPU
		{136A80E4-E166-47DC-9D0E-CF4EAF0309E0}.Debug|Any CPU.ActiveCfg = Debug|Any CPU
		{136A80E4-E166-47DC-9D0E-CF4EAF0309E0}.Debug|Any CPU.Build.0 = Debug|Any CPU
		{136A80E4-E166-47DC-9D0E-CF4EAF0309E0}.Release|Any CPU.ActiveCfg = Release|Any CPU
		{136A80E4-E166-47DC-9D0E-CF4EAF0309E0}.Release|Any CPU.Build.0 = Release|Any CPU
		{FD972723-935E-43D8-8FB3-BAA7F51DBB2B}.Debug|Any CPU.ActiveCfg = Debug|Any CPU
		{FD972723-935E-43D8-8FB3-BAA7F51DBB2B}.Debug|Any CPU.Build.0 = Debug|Any CPU
		{FD972723-935E-43D8-8FB3-BAA7F51DBB2B}.Release|Any CPU.ActiveCfg = Release|Any CPU
		{FD972723-935E-43D8-8FB3-BAA7F51DBB2B}.Release|Any CPU.Build.0 = Release|Any CPU
		{5E396E7A-5E87-4485-9616-A24849B07827}.Debug|Any CPU.ActiveCfg = Debug|Any CPU
		{5E396E7A-5E87-4485-9616-A24849B07827}.Debug|Any CPU.Build.0 = Debug|Any CPU
		{5E396E7A-5E87-4485-9616-A24849B07827}.Release|Any CPU.ActiveCfg = Release|Any CPU
		{5E396E7A-5E87-4485-9616-A24849B07827}.Release|Any CPU.Build.0 = Release|Any CPU
		{CA96D4DD-2ED2-49A2-96FF-79FD0C6BC8D5}.Debug|Any CPU.ActiveCfg = Debug|Any CPU
		{CA96D4DD-2ED2-49A2-96FF-79FD0C6BC8D5}.Debug|Any CPU.Build.0 = Debug|Any CPU
		{CA96D4DD-2ED2-49A2-96FF-79FD0C6BC8D5}.Release|Any CPU.ActiveCfg = Release|Any CPU
		{CA96D4DD-2ED2-49A2-96FF-79FD0C6BC8D5}.Release|Any CPU.Build.0 = Release|Any CPU
		{63E85EBF-1F8B-4841-8ED7-A8A4131975D8}.Debug|Any CPU.ActiveCfg = Debug|Any CPU
		{63E85EBF-1F8B-4841-8ED7-A8A4131975D8}.Debug|Any CPU.Build.0 = Debug|Any CPU
		{63E85EBF-1F8B-4841-8ED7-A8A4131975D8}.Release|Any CPU.ActiveCfg = Release|Any CPU
		{63E85EBF-1F8B-4841-8ED7-A8A4131975D8}.Release|Any CPU.Build.0 = Release|Any CPU
		{29EFC4E8-C658-4450-8C83-A3D1C5CC28C6}.Debug|Any CPU.ActiveCfg = Debug|Any CPU
		{29EFC4E8-C658-4450-8C83-A3D1C5CC28C6}.Debug|Any CPU.Build.0 = Debug|Any CPU
		{29EFC4E8-C658-4450-8C83-A3D1C5CC28C6}.Release|Any CPU.ActiveCfg = Release|Any CPU
		{29EFC4E8-C658-4450-8C83-A3D1C5CC28C6}.Release|Any CPU.Build.0 = Release|Any CPU
		{97B910D7-044B-4CC3-A94D-6BBF94C33048}.Debug|Any CPU.ActiveCfg = Debug|Any CPU
		{97B910D7-044B-4CC3-A94D-6BBF94C33048}.Debug|Any CPU.Build.0 = Debug|Any CPU
		{97B910D7-044B-4CC3-A94D-6BBF94C33048}.Release|Any CPU.ActiveCfg = Release|Any CPU
		{97B910D7-044B-4CC3-A94D-6BBF94C33048}.Release|Any CPU.Build.0 = Release|Any CPU
		{583ACF95-0D15-4DEB-83BB-FBEF4BA4FAC2}.Debug|Any CPU.ActiveCfg = Debug|Any CPU
		{583ACF95-0D15-4DEB-83BB-FBEF4BA4FAC2}.Debug|Any CPU.Build.0 = Debug|Any CPU
		{583ACF95-0D15-4DEB-83BB-FBEF4BA4FAC2}.Release|Any CPU.ActiveCfg = Release|Any CPU
		{583ACF95-0D15-4DEB-83BB-FBEF4BA4FAC2}.Release|Any CPU.Build.0 = Release|Any CPU
		{91B0A277-974D-4D40-BFE3-2CC53FB15E43}.Debug|Any CPU.ActiveCfg = Debug|Any CPU
		{91B0A277-974D-4D40-BFE3-2CC53FB15E43}.Debug|Any CPU.Build.0 = Debug|Any CPU
		{91B0A277-974D-4D40-BFE3-2CC53FB15E43}.Release|Any CPU.ActiveCfg = Release|Any CPU
		{91B0A277-974D-4D40-BFE3-2CC53FB15E43}.Release|Any CPU.Build.0 = Release|Any CPU
		{E04AEC4B-B609-44F8-9101-43229B9A0345}.Debug|Any CPU.ActiveCfg = Debug|Any CPU
		{E04AEC4B-B609-44F8-9101-43229B9A0345}.Debug|Any CPU.Build.0 = Debug|Any CPU
		{E04AEC4B-B609-44F8-9101-43229B9A0345}.Release|Any CPU.ActiveCfg = Release|Any CPU
		{E04AEC4B-B609-44F8-9101-43229B9A0345}.Release|Any CPU.Build.0 = Release|Any CPU
		{E06B4746-7E71-4EE5-B8D2-1629851025C1}.Debug|Any CPU.ActiveCfg = Debug|Any CPU
		{E06B4746-7E71-4EE5-B8D2-1629851025C1}.Debug|Any CPU.Build.0 = Debug|Any CPU
		{E06B4746-7E71-4EE5-B8D2-1629851025C1}.Release|Any CPU.ActiveCfg = Release|Any CPU
		{E06B4746-7E71-4EE5-B8D2-1629851025C1}.Release|Any CPU.Build.0 = Release|Any CPU
		{DED77023-D741-4EC2-A030-3978FB422B15}.Debug|Any CPU.ActiveCfg = Debug|Any CPU
		{DED77023-D741-4EC2-A030-3978FB422B15}.Debug|Any CPU.Build.0 = Debug|Any CPU
		{DED77023-D741-4EC2-A030-3978FB422B15}.Release|Any CPU.ActiveCfg = Release|Any CPU
		{DED77023-D741-4EC2-A030-3978FB422B15}.Release|Any CPU.Build.0 = Release|Any CPU
		{BC16C934-08EB-4AAB-AB07-DCA546DD65AC}.Debug|Any CPU.ActiveCfg = Debug|Any CPU
		{BC16C934-08EB-4AAB-AB07-DCA546DD65AC}.Debug|Any CPU.Build.0 = Debug|Any CPU
		{BC16C934-08EB-4AAB-AB07-DCA546DD65AC}.Release|Any CPU.ActiveCfg = Release|Any CPU
		{BC16C934-08EB-4AAB-AB07-DCA546DD65AC}.Release|Any CPU.Build.0 = Release|Any CPU
		{8466668E-0635-4564-9C95-6CD30985BE4D}.Debug|Any CPU.ActiveCfg = Debug|Any CPU
		{8466668E-0635-4564-9C95-6CD30985BE4D}.Debug|Any CPU.Build.0 = Debug|Any CPU
		{8466668E-0635-4564-9C95-6CD30985BE4D}.Release|Any CPU.ActiveCfg = Release|Any CPU
		{8466668E-0635-4564-9C95-6CD30985BE4D}.Release|Any CPU.Build.0 = Release|Any CPU
		{14D2C90A-FDDD-4962-84DA-9355FC0AEC28}.Debug|Any CPU.ActiveCfg = Debug|Any CPU
		{14D2C90A-FDDD-4962-84DA-9355FC0AEC28}.Debug|Any CPU.Build.0 = Debug|Any CPU
		{14D2C90A-FDDD-4962-84DA-9355FC0AEC28}.Release|Any CPU.ActiveCfg = Release|Any CPU
		{14D2C90A-FDDD-4962-84DA-9355FC0AEC28}.Release|Any CPU.Build.0 = Release|Any CPU
		{ED9B9BAD-CC0A-46A7-BFBB-63508F999E46}.Debug|Any CPU.ActiveCfg = Debug|Any CPU
		{ED9B9BAD-CC0A-46A7-BFBB-63508F999E46}.Debug|Any CPU.Build.0 = Debug|Any CPU
		{ED9B9BAD-CC0A-46A7-BFBB-63508F999E46}.Release|Any CPU.ActiveCfg = Release|Any CPU
		{ED9B9BAD-CC0A-46A7-BFBB-63508F999E46}.Release|Any CPU.Build.0 = Release|Any CPU
		{E4CE7BC2-B6EB-4A9D-BE2C-0A28DE693C72}.Debug|Any CPU.ActiveCfg = Debug|Any CPU
		{E4CE7BC2-B6EB-4A9D-BE2C-0A28DE693C72}.Debug|Any CPU.Build.0 = Debug|Any CPU
		{E4CE7BC2-B6EB-4A9D-BE2C-0A28DE693C72}.Release|Any CPU.ActiveCfg = Release|Any CPU
		{E4CE7BC2-B6EB-4A9D-BE2C-0A28DE693C72}.Release|Any CPU.Build.0 = Release|Any CPU
		{30675665-55E5-4D8E-87AD-60E5574666AA}.Debug|Any CPU.ActiveCfg = Debug|Any CPU
		{30675665-55E5-4D8E-87AD-60E5574666AA}.Debug|Any CPU.Build.0 = Debug|Any CPU
		{30675665-55E5-4D8E-87AD-60E5574666AA}.Release|Any CPU.ActiveCfg = Release|Any CPU
		{30675665-55E5-4D8E-87AD-60E5574666AA}.Release|Any CPU.Build.0 = Release|Any CPU
		{419A1C7E-CE3F-44B7-B35A-731479A58F0A}.Debug|Any CPU.ActiveCfg = Debug|Any CPU
		{419A1C7E-CE3F-44B7-B35A-731479A58F0A}.Debug|Any CPU.Build.0 = Debug|Any CPU
		{419A1C7E-CE3F-44B7-B35A-731479A58F0A}.Release|Any CPU.ActiveCfg = Release|Any CPU
		{419A1C7E-CE3F-44B7-B35A-731479A58F0A}.Release|Any CPU.Build.0 = Release|Any CPU
		{C807494B-4AA8-4A0F-A0D7-A9C2056EA1C0}.Debug|Any CPU.ActiveCfg = Debug|Any CPU
		{C807494B-4AA8-4A0F-A0D7-A9C2056EA1C0}.Debug|Any CPU.Build.0 = Debug|Any CPU
		{C807494B-4AA8-4A0F-A0D7-A9C2056EA1C0}.Release|Any CPU.ActiveCfg = Release|Any CPU
		{C807494B-4AA8-4A0F-A0D7-A9C2056EA1C0}.Release|Any CPU.Build.0 = Release|Any CPU
	EndGlobalSection
	GlobalSection(SolutionProperties) = preSolution
		HideSolutionNode = FALSE
	EndGlobalSection
	GlobalSection(ExtensibilityGlobals) = postSolution
		SolutionGuid = {401AC9D3-31E7-44C1-86A3-28D6C78BE740}
	EndGlobalSection
EndGlobal
