
Microsoft Visual Studio Solution File, Format Version 12.00
# Visual Studio Version 16
VisualStudioVersion = 16.0.31005.135
MinimumVisualStudioVersion = 10.0.40219.1
Project("{FAE04EC0-301F-11D3-BF4B-00C04F79EFBC}") = "P01-DemoFor", "P01-DemoFor\P01-DemoFor.csproj", "{6DA7B4CF-D463-43C6-9B13-5898C0E57136}"
EndProject
Project("{FAE04EC0-301F-11D3-BF4B-00C04F79EFBC}") = "P02-DemoForr", "P02-DemoForr\P02-DemoForr.csproj", "{48EDDE5E-8CE1-4B5B-B830-E4F36FD9909B}"
EndProject
Project("{FAE04EC0-301F-11D3-BF4B-00C04F79EFBC}") = "P03-CelsiumToFahrehait", "P03-CelsiumToFahrehait\P03-CelsiumToFahrehait.csproj", "{58A214A0-B6CD-430C-BBA6-3B1F1644B737}"
EndProject
Global
	GlobalSection(SolutionConfigurationPlatforms) = preSolution
		Debug|Any CPU = Debug|Any CPU
		Release|Any CPU = Release|Any CPU
	EndGlobalSection
	GlobalSection(ProjectConfigurationPlatforms) = postSolution
		{6DA7B4CF-D463-43C6-9B13-5898C0E57136}.Debug|Any CPU.ActiveCfg = Debug|Any CPU
		{6DA7B4CF-D463-43C6-9B13-5898C0E57136}.Debug|Any CPU.Build.0 = Debug|Any CPU
		{6DA7B4CF-D463-43C6-9B13-5898C0E57136}.Release|Any CPU.ActiveCfg = Release|Any CPU
		{6DA7B4CF-D463-43C6-9B13-5898C0E57136}.Release|Any CPU.Build.0 = Release|Any CPU
		{48EDDE5E-8CE1-4B5B-B830-E4F36FD9909B}.Debug|Any CPU.ActiveCfg = Debug|Any CPU
		{48EDDE5E-8CE1-4B5B-B830-E4F36FD9909B}.Debug|Any CPU.Build.0 = Debug|Any CPU
		{48EDDE5E-8CE1-4B5B-B830-E4F36FD9909B}.Release|Any CPU.ActiveCfg = Release|Any CPU
		{48EDDE5E-8CE1-4B5B-B830-E4F36FD9909B}.Release|Any CPU.Build.0 = Release|Any CPU
		{58A214A0-B6CD-430C-BBA6-3B1F1644B737}.Debug|Any CPU.ActiveCfg = Debug|Any CPU
		{58A214A0-B6CD-430C-BBA6-3B1F1644B737}.Debug|Any CPU.Build.0 = Debug|Any CPU
		{58A214A0-B6CD-430C-BBA6-3B1F1644B737}.Release|Any CPU.ActiveCfg = Release|Any CPU
		{58A214A0-B6CD-430C-BBA6-3B1F1644B737}.Release|Any CPU.Build.0 = Release|Any CPU
	EndGlobalSection
	GlobalSection(SolutionProperties) = preSolution
		HideSolutionNode = FALSE
	EndGlobalSection
	GlobalSection(ExtensibilityGlobals) = postSolution
		SolutionGuid = {2496A086-7D14-4659-B7EF-51C06B77E5B2}
	EndGlobalSection
EndGlobal
