
Microsoft Visual Studio Solution File, Format Version 12.00
# Visual Studio Version 16
VisualStudioVersion = 16.0.31005.135
MinimumVisualStudioVersion = 10.0.40219.1
Project("{9A19103F-16F7-4668-BE54-9A1E7A4F7556}") = "P01-DemoFor", "P01-DemoFor\P01-DemoFor.csproj", "{6DA7B4CF-D463-43C6-9B13-5898C0E57136}"
EndProject
Project("{9A19103F-16F7-4668-BE54-9A1E7A4F7556}") = "P02-DemoForr", "P02-DemoForr\P02-DemoForr.csproj", "{48EDDE5E-8CE1-4B5B-B830-E4F36FD9909B}"
EndProject
Project("{9A19103F-16F7-4668-BE54-9A1E7A4F7556}") = "P03-CelsiumToFahrehait", "P03-CelsiumToFahrehait\P03-CelsiumToFahrehait.csproj", "{58A214A0-B6CD-430C-BBA6-3B1F1644B737}"
EndProject
Project("{9A19103F-16F7-4668-BE54-9A1E7A4F7556}") = "P04-Maxval", "P04-Maxval\P04-Maxval.csproj", "{D53546F7-E55C-4A1A-AF27-C8C2F688AC49}"
EndProject
Project("{9A19103F-16F7-4668-BE54-9A1E7A4F7556}") = "P05-Minval", "P05-Minval\P05-Minval.csproj", "{BD23A7E1-F7B9-4F49-B222-B8E7B883616B}"
EndProject
Project("{9A19103F-16F7-4668-BE54-9A1E7A4F7556}") = "P06-SumNumbers", "P06-SumNumbers\P06-SumNumbers.csproj", "{D058E23E-AE20-4074-9D83-F7A7D7D67AA8}"
EndProject
Project("{9A19103F-16F7-4668-BE54-9A1E7A4F7556}") = "P07-FormMinValue", "P07-FormMinValue\P07-FormMinValue.csproj", "{13444A4D-FB4B-4D55-A2DF-8AE0E7FE8F7C}"
EndProject
Project("{FAE04EC0-301F-11D3-BF4B-00C04F79EFBC}") = "P08-DemoWhile", "P08-DemoWhile\P08-DemoWhile.csproj", "{F0BA5601-5982-44DB-9237-0BF94C1852B6}"
EndProject
Project("{FAE04EC0-301F-11D3-BF4B-00C04F79EFBC}") = "P09-Firma", "P09-Firma\P09-Firma.csproj", "{26790A3E-3E5E-454D-B1EF-98B752A528EB}"
EndProject
Project("{FAE04EC0-301F-11D3-BF4B-00C04F79EFBC}") = "P10-DoWhileDemo", "P10-DoWhileDemo\P10-DoWhileDemo.csproj", "{69FC1AC6-66C5-4A26-BA4C-7320902F70FB}"
EndProject
Project("{FAE04EC0-301F-11D3-BF4B-00C04F79EFBC}") = "P11-Loops", "P11-Loops\P11-Loops.csproj", "{5967A69E-A1E1-404A-A0C0-0AD7108AB288}"
EndProject
Project("{FAE04EC0-301F-11D3-BF4B-00C04F79EFBC}") = "P12-BoolExpression", "P12-BoolExpression\P12-BoolExpression.csproj", "{1C9E0EC7-4649-4CC9-86C5-48F586EF7363}"
EndProject
Project("{FAE04EC0-301F-11D3-BF4B-00C04F79EFBC}") = "P13-FahrenheitToCelsius", "P13-FahrenheitToCelsius\P13-FahrenheitToCelsius.csproj", "{5FF52086-0D14-46B8-A3DD-9078DC62C96D}"
EndProject
Project("{FAE04EC0-301F-11D3-BF4B-00C04F79EFBC}") = "P14-Apples", "P14-Apples\P14-Apples.csproj", "{F420FD5C-52CF-4769-BC7A-2AC6FBFCC8A4}"
EndProject
Global
	GlobalSection(SolutionConfigurationPlatforms) = preSolution
		Debug|Any CPU = Debug|Any CPU
		Release|Any CPU = Release|Any CPU
	EndGlobalSection
	GlobalSection(ProjectConfigurationPlatforms) = postSolution
		{6DA7B4CF-D463-43C6-9B13-5898C0E57136}.Debug|Any CPU.ActiveCfg = Debug|Any CPU
		{6DA7B4CF-D463-43C6-9B13-5898C0E57136}.Debug|Any CPU.Build.0 = Debug|Any CPU
		{6DA7B4CF-D463-43C6-9B13-5898C0E57136}.Release|Any CPU.ActiveCfg = Release|Any CPU
		{6DA7B4CF-D463-43C6-9B13-5898C0E57136}.Release|Any CPU.Build.0 = Release|Any CPU
		{48EDDE5E-8CE1-4B5B-B830-E4F36FD9909B}.Debug|Any CPU.ActiveCfg = Debug|Any CPU
		{48EDDE5E-8CE1-4B5B-B830-E4F36FD9909B}.Debug|Any CPU.Build.0 = Debug|Any CPU
		{48EDDE5E-8CE1-4B5B-B830-E4F36FD9909B}.Release|Any CPU.ActiveCfg = Release|Any CPU
		{48EDDE5E-8CE1-4B5B-B830-E4F36FD9909B}.Release|Any CPU.Build.0 = Release|Any CPU
		{58A214A0-B6CD-430C-BBA6-3B1F1644B737}.Debug|Any CPU.ActiveCfg = Debug|Any CPU
		{58A214A0-B6CD-430C-BBA6-3B1F1644B737}.Debug|Any CPU.Build.0 = Debug|Any CPU
		{58A214A0-B6CD-430C-BBA6-3B1F1644B737}.Release|Any CPU.ActiveCfg = Release|Any CPU
		{58A214A0-B6CD-430C-BBA6-3B1F1644B737}.Release|Any CPU.Build.0 = Release|Any CPU
		{D53546F7-E55C-4A1A-AF27-C8C2F688AC49}.Debug|Any CPU.ActiveCfg = Debug|Any CPU
		{D53546F7-E55C-4A1A-AF27-C8C2F688AC49}.Debug|Any CPU.Build.0 = Debug|Any CPU
		{D53546F7-E55C-4A1A-AF27-C8C2F688AC49}.Release|Any CPU.ActiveCfg = Release|Any CPU
		{D53546F7-E55C-4A1A-AF27-C8C2F688AC49}.Release|Any CPU.Build.0 = Release|Any CPU
		{BD23A7E1-F7B9-4F49-B222-B8E7B883616B}.Debug|Any CPU.ActiveCfg = Debug|Any CPU
		{BD23A7E1-F7B9-4F49-B222-B8E7B883616B}.Debug|Any CPU.Build.0 = Debug|Any CPU
		{BD23A7E1-F7B9-4F49-B222-B8E7B883616B}.Release|Any CPU.ActiveCfg = Release|Any CPU
		{BD23A7E1-F7B9-4F49-B222-B8E7B883616B}.Release|Any CPU.Build.0 = Release|Any CPU
		{D058E23E-AE20-4074-9D83-F7A7D7D67AA8}.Debug|Any CPU.ActiveCfg = Debug|Any CPU
		{D058E23E-AE20-4074-9D83-F7A7D7D67AA8}.Debug|Any CPU.Build.0 = Debug|Any CPU
		{D058E23E-AE20-4074-9D83-F7A7D7D67AA8}.Release|Any CPU.ActiveCfg = Release|Any CPU
		{D058E23E-AE20-4074-9D83-F7A7D7D67AA8}.Release|Any CPU.Build.0 = Release|Any CPU
		{13444A4D-FB4B-4D55-A2DF-8AE0E7FE8F7C}.Debug|Any CPU.ActiveCfg = Debug|Any CPU
		{13444A4D-FB4B-4D55-A2DF-8AE0E7FE8F7C}.Debug|Any CPU.Build.0 = Debug|Any CPU
		{13444A4D-FB4B-4D55-A2DF-8AE0E7FE8F7C}.Release|Any CPU.ActiveCfg = Release|Any CPU
		{13444A4D-FB4B-4D55-A2DF-8AE0E7FE8F7C}.Release|Any CPU.Build.0 = Release|Any CPU
		{F0BA5601-5982-44DB-9237-0BF94C1852B6}.Debug|Any CPU.ActiveCfg = Debug|Any CPU
		{F0BA5601-5982-44DB-9237-0BF94C1852B6}.Debug|Any CPU.Build.0 = Debug|Any CPU
		{F0BA5601-5982-44DB-9237-0BF94C1852B6}.Release|Any CPU.ActiveCfg = Release|Any CPU
		{F0BA5601-5982-44DB-9237-0BF94C1852B6}.Release|Any CPU.Build.0 = Release|Any CPU
		{26790A3E-3E5E-454D-B1EF-98B752A528EB}.Debug|Any CPU.ActiveCfg = Debug|Any CPU
		{26790A3E-3E5E-454D-B1EF-98B752A528EB}.Debug|Any CPU.Build.0 = Debug|Any CPU
		{26790A3E-3E5E-454D-B1EF-98B752A528EB}.Release|Any CPU.ActiveCfg = Release|Any CPU
		{26790A3E-3E5E-454D-B1EF-98B752A528EB}.Release|Any CPU.Build.0 = Release|Any CPU
		{69FC1AC6-66C5-4A26-BA4C-7320902F70FB}.Debug|Any CPU.ActiveCfg = Debug|Any CPU
		{69FC1AC6-66C5-4A26-BA4C-7320902F70FB}.Debug|Any CPU.Build.0 = Debug|Any CPU
		{69FC1AC6-66C5-4A26-BA4C-7320902F70FB}.Release|Any CPU.ActiveCfg = Release|Any CPU
		{69FC1AC6-66C5-4A26-BA4C-7320902F70FB}.Release|Any CPU.Build.0 = Release|Any CPU
		{5967A69E-A1E1-404A-A0C0-0AD7108AB288}.Debug|Any CPU.ActiveCfg = Debug|Any CPU
		{5967A69E-A1E1-404A-A0C0-0AD7108AB288}.Debug|Any CPU.Build.0 = Debug|Any CPU
		{5967A69E-A1E1-404A-A0C0-0AD7108AB288}.Release|Any CPU.ActiveCfg = Release|Any CPU
		{5967A69E-A1E1-404A-A0C0-0AD7108AB288}.Release|Any CPU.Build.0 = Release|Any CPU
		{1C9E0EC7-4649-4CC9-86C5-48F586EF7363}.Debug|Any CPU.ActiveCfg = Debug|Any CPU
		{1C9E0EC7-4649-4CC9-86C5-48F586EF7363}.Debug|Any CPU.Build.0 = Debug|Any CPU
		{1C9E0EC7-4649-4CC9-86C5-48F586EF7363}.Release|Any CPU.ActiveCfg = Release|Any CPU
		{1C9E0EC7-4649-4CC9-86C5-48F586EF7363}.Release|Any CPU.Build.0 = Release|Any CPU
		{5FF52086-0D14-46B8-A3DD-9078DC62C96D}.Debug|Any CPU.ActiveCfg = Debug|Any CPU
		{5FF52086-0D14-46B8-A3DD-9078DC62C96D}.Debug|Any CPU.Build.0 = Debug|Any CPU
		{5FF52086-0D14-46B8-A3DD-9078DC62C96D}.Release|Any CPU.ActiveCfg = Release|Any CPU
		{5FF52086-0D14-46B8-A3DD-9078DC62C96D}.Release|Any CPU.Build.0 = Release|Any CPU
		{F420FD5C-52CF-4769-BC7A-2AC6FBFCC8A4}.Debug|Any CPU.ActiveCfg = Debug|Any CPU
		{F420FD5C-52CF-4769-BC7A-2AC6FBFCC8A4}.Debug|Any CPU.Build.0 = Debug|Any CPU
		{F420FD5C-52CF-4769-BC7A-2AC6FBFCC8A4}.Release|Any CPU.ActiveCfg = Release|Any CPU
		{F420FD5C-52CF-4769-BC7A-2AC6FBFCC8A4}.Release|Any CPU.Build.0 = Release|Any CPU
	EndGlobalSection
	GlobalSection(SolutionProperties) = preSolution
		HideSolutionNode = FALSE
	EndGlobalSection
	GlobalSection(ExtensibilityGlobals) = postSolution
		SolutionGuid = {2496A086-7D14-4659-B7EF-51C06B77E5B2}
	EndGlobalSection
EndGlobal
