
Microsoft Visual Studio Solution File, Format Version 12.00
# Visual Studio Version 16
VisualStudioVersion = 16.0.30503.244
MinimumVisualStudioVersion = 10.0.40219.1
Project("{FAE04EC0-301F-11D3-BF4B-00C04F79EFBC}") = "P01-PowOf2", "P01-PowOf2\P01-PowOf2.csproj", "{B260302E-B196-4C65-9382-A26122E151EC}"
EndProject
Project("{FAE04EC0-301F-11D3-BF4B-00C04F79EFBC}") = "P02-IvenPowOf2", "P02-IvenPowOf2\P02-IvenPowOf2.csproj", "{67E10D96-E501-4354-B90C-E5F44B47CC85}"
EndProject
Project("{FAE04EC0-301F-11D3-BF4B-00C04F79EFBC}") = "P03-NumsBet1_100", "P03-NumsBet1_100\P03-NumsBet1_100.csproj", "{CA7795C7-A98E-4B10-A7EB-D2D8254D9B50}"
EndProject
Project("{FAE04EC0-301F-11D3-BF4B-00C04F79EFBC}") = "P04-TryCatchDemo", "P04-TryCatchDemo\P04-TryCatchDemo.csproj", "{DAE0BB1E-2E6D-45F0-A738-358D5D2FC5B5}"
EndProject
Project("{FAE04EC0-301F-11D3-BF4B-00C04F79EFBC}") = "P05-ReadEvenNum", "P05-ReadEvenNum\P05-ReadEvenNum.csproj", "{66C5ECBF-2C61-4B0D-950B-B8119FB354EE}"
EndProject
Project("{FAE04EC0-301F-11D3-BF4B-00C04F79EFBC}") = "P06-GameRandomNum", "P06-GameRandomNum\P06-GameRandomNum.csproj", "{C60FD122-1FA8-47EF-A24C-DB12D949914A}"
EndProject
Global
	GlobalSection(SolutionConfigurationPlatforms) = preSolution
		Debug|Any CPU = Debug|Any CPU
		Release|Any CPU = Release|Any CPU
	EndGlobalSection
	GlobalSection(ProjectConfigurationPlatforms) = postSolution
		{B260302E-B196-4C65-9382-A26122E151EC}.Debug|Any CPU.ActiveCfg = Debug|Any CPU
		{B260302E-B196-4C65-9382-A26122E151EC}.Debug|Any CPU.Build.0 = Debug|Any CPU
		{B260302E-B196-4C65-9382-A26122E151EC}.Release|Any CPU.ActiveCfg = Release|Any CPU
		{B260302E-B196-4C65-9382-A26122E151EC}.Release|Any CPU.Build.0 = Release|Any CPU
		{67E10D96-E501-4354-B90C-E5F44B47CC85}.Debug|Any CPU.ActiveCfg = Debug|Any CPU
		{67E10D96-E501-4354-B90C-E5F44B47CC85}.Debug|Any CPU.Build.0 = Debug|Any CPU
		{67E10D96-E501-4354-B90C-E5F44B47CC85}.Release|Any CPU.ActiveCfg = Release|Any CPU
		{67E10D96-E501-4354-B90C-E5F44B47CC85}.Release|Any CPU.Build.0 = Release|Any CPU
		{CA7795C7-A98E-4B10-A7EB-D2D8254D9B50}.Debug|Any CPU.ActiveCfg = Debug|Any CPU
		{CA7795C7-A98E-4B10-A7EB-D2D8254D9B50}.Debug|Any CPU.Build.0 = Debug|Any CPU
		{CA7795C7-A98E-4B10-A7EB-D2D8254D9B50}.Release|Any CPU.ActiveCfg = Release|Any CPU
		{CA7795C7-A98E-4B10-A7EB-D2D8254D9B50}.Release|Any CPU.Build.0 = Release|Any CPU
		{DAE0BB1E-2E6D-45F0-A738-358D5D2FC5B5}.Debug|Any CPU.ActiveCfg = Debug|Any CPU
		{DAE0BB1E-2E6D-45F0-A738-358D5D2FC5B5}.Debug|Any CPU.Build.0 = Debug|Any CPU
		{DAE0BB1E-2E6D-45F0-A738-358D5D2FC5B5}.Release|Any CPU.ActiveCfg = Release|Any CPU
		{DAE0BB1E-2E6D-45F0-A738-358D5D2FC5B5}.Release|Any CPU.Build.0 = Release|Any CPU
		{66C5ECBF-2C61-4B0D-950B-B8119FB354EE}.Debug|Any CPU.ActiveCfg = Debug|Any CPU
		{66C5ECBF-2C61-4B0D-950B-B8119FB354EE}.Debug|Any CPU.Build.0 = Debug|Any CPU
		{66C5ECBF-2C61-4B0D-950B-B8119FB354EE}.Release|Any CPU.ActiveCfg = Release|Any CPU
		{66C5ECBF-2C61-4B0D-950B-B8119FB354EE}.Release|Any CPU.Build.0 = Release|Any CPU
		{C60FD122-1FA8-47EF-A24C-DB12D949914A}.Debug|Any CPU.ActiveCfg = Debug|Any CPU
		{C60FD122-1FA8-47EF-A24C-DB12D949914A}.Debug|Any CPU.Build.0 = Debug|Any CPU
		{C60FD122-1FA8-47EF-A24C-DB12D949914A}.Release|Any CPU.ActiveCfg = Release|Any CPU
		{C60FD122-1FA8-47EF-A24C-DB12D949914A}.Release|Any CPU.Build.0 = Release|Any CPU
	EndGlobalSection
	GlobalSection(SolutionProperties) = preSolution
		HideSolutionNode = FALSE
	EndGlobalSection
	GlobalSection(ExtensibilityGlobals) = postSolution
		SolutionGuid = {2D3F88E0-4797-4762-A7C5-83ABE1EA3793}
	EndGlobalSection
EndGlobal
