
Microsoft Visual Studio Solution File, Format Version 12.00
# Visual Studio Version 16
VisualStudioVersion = 16.0.30907.101
MinimumVisualStudioVersion = 10.0.40219.1
Project("{9A19103F-16F7-4668-BE54-9A1E7A4F7556}") = "P01-DemoAndOrNot", "P01-DemoAndOrNot\P01-DemoAndOrNot.csproj", "{A5252C33-AA5E-40B5-A005-3274D10D1366}"
EndProject
Project("{9A19103F-16F7-4668-BE54-9A1E7A4F7556}") = "P02-DemoSwitchCase", "P02-DemoSwitchCase\P02-DemoSwitchCase.csproj", "{3851B7BA-7B37-447A-9442-3DA4ECC8A0F8}"
EndProject
Project("{9A19103F-16F7-4668-BE54-9A1E7A4F7556}") = "P03-DemoSwitchCase_v2", "P03-DemoSwitchCase_v2\P03-DemoSwitchCase_v2.csproj", "{A8F8A2EC-9AF3-42A5-884C-8CC1B8A66645}"
EndProject
Project("{9A19103F-16F7-4668-BE54-9A1E7A4F7556}") = "P04-Males", "P04-Males\P04-Males.csproj", "{375D0609-0668-48E4-8B02-25213D32FC68}"
EndProject
Project("{9A19103F-16F7-4668-BE54-9A1E7A4F7556}") = "P05-Shop", "P05-Shop\P05-Shop.csproj", "{F1F7A9F8-FCB9-4D92-9CE0-0E5FB414D6E9}"
EndProject
Project("{FAE04EC0-301F-11D3-BF4B-00C04F79EFBC}") = "P05-FruitsAndVEgetables", "P05-FruitsAndVEgetables\P05-FruitsAndVEgetables.csproj", "{A83F6EDA-993E-4CBA-8317-8FAE3FE0D591}"
EndProject
Project("{FAE04EC0-301F-11D3-BF4B-00C04F79EFBC}") = "P06-Cinema", "P06-Cinema\P06-Cinema.csproj", "{45A8F886-DF3D-4232-8790-CE78B545F9E2}"
EndProject
Project("{FAE04EC0-301F-11D3-BF4B-00C04F79EFBC}") = "P07-Animals", "P07-Animals\P07-Animals.csproj", "{7D6C22CB-B6B8-48A6-8BFE-8285DFD850B6}"
EndProject
Global
	GlobalSection(SolutionConfigurationPlatforms) = preSolution
		Debug|Any CPU = Debug|Any CPU
		Release|Any CPU = Release|Any CPU
	EndGlobalSection
	GlobalSection(ProjectConfigurationPlatforms) = postSolution
		{A5252C33-AA5E-40B5-A005-3274D10D1366}.Debug|Any CPU.ActiveCfg = Debug|Any CPU
		{A5252C33-AA5E-40B5-A005-3274D10D1366}.Debug|Any CPU.Build.0 = Debug|Any CPU
		{A5252C33-AA5E-40B5-A005-3274D10D1366}.Release|Any CPU.ActiveCfg = Release|Any CPU
		{A5252C33-AA5E-40B5-A005-3274D10D1366}.Release|Any CPU.Build.0 = Release|Any CPU
		{3851B7BA-7B37-447A-9442-3DA4ECC8A0F8}.Debug|Any CPU.ActiveCfg = Debug|Any CPU
		{3851B7BA-7B37-447A-9442-3DA4ECC8A0F8}.Debug|Any CPU.Build.0 = Debug|Any CPU
		{3851B7BA-7B37-447A-9442-3DA4ECC8A0F8}.Release|Any CPU.ActiveCfg = Release|Any CPU
		{3851B7BA-7B37-447A-9442-3DA4ECC8A0F8}.Release|Any CPU.Build.0 = Release|Any CPU
		{A8F8A2EC-9AF3-42A5-884C-8CC1B8A66645}.Debug|Any CPU.ActiveCfg = Debug|Any CPU
		{A8F8A2EC-9AF3-42A5-884C-8CC1B8A66645}.Debug|Any CPU.Build.0 = Debug|Any CPU
		{A8F8A2EC-9AF3-42A5-884C-8CC1B8A66645}.Release|Any CPU.ActiveCfg = Release|Any CPU
		{A8F8A2EC-9AF3-42A5-884C-8CC1B8A66645}.Release|Any CPU.Build.0 = Release|Any CPU
		{375D0609-0668-48E4-8B02-25213D32FC68}.Debug|Any CPU.ActiveCfg = Debug|Any CPU
		{375D0609-0668-48E4-8B02-25213D32FC68}.Debug|Any CPU.Build.0 = Debug|Any CPU
		{375D0609-0668-48E4-8B02-25213D32FC68}.Release|Any CPU.ActiveCfg = Release|Any CPU
		{375D0609-0668-48E4-8B02-25213D32FC68}.Release|Any CPU.Build.0 = Release|Any CPU
		{F1F7A9F8-FCB9-4D92-9CE0-0E5FB414D6E9}.Debug|Any CPU.ActiveCfg = Debug|Any CPU
		{F1F7A9F8-FCB9-4D92-9CE0-0E5FB414D6E9}.Debug|Any CPU.Build.0 = Debug|Any CPU
		{F1F7A9F8-FCB9-4D92-9CE0-0E5FB414D6E9}.Release|Any CPU.ActiveCfg = Release|Any CPU
		{F1F7A9F8-FCB9-4D92-9CE0-0E5FB414D6E9}.Release|Any CPU.Build.0 = Release|Any CPU
		{A83F6EDA-993E-4CBA-8317-8FAE3FE0D591}.Debug|Any CPU.ActiveCfg = Debug|Any CPU
		{A83F6EDA-993E-4CBA-8317-8FAE3FE0D591}.Debug|Any CPU.Build.0 = Debug|Any CPU
		{A83F6EDA-993E-4CBA-8317-8FAE3FE0D591}.Release|Any CPU.ActiveCfg = Release|Any CPU
		{A83F6EDA-993E-4CBA-8317-8FAE3FE0D591}.Release|Any CPU.Build.0 = Release|Any CPU
		{45A8F886-DF3D-4232-8790-CE78B545F9E2}.Debug|Any CPU.ActiveCfg = Debug|Any CPU
		{45A8F886-DF3D-4232-8790-CE78B545F9E2}.Debug|Any CPU.Build.0 = Debug|Any CPU
		{45A8F886-DF3D-4232-8790-CE78B545F9E2}.Release|Any CPU.ActiveCfg = Release|Any CPU
		{45A8F886-DF3D-4232-8790-CE78B545F9E2}.Release|Any CPU.Build.0 = Release|Any CPU
		{7D6C22CB-B6B8-48A6-8BFE-8285DFD850B6}.Debug|Any CPU.ActiveCfg = Debug|Any CPU
		{7D6C22CB-B6B8-48A6-8BFE-8285DFD850B6}.Debug|Any CPU.Build.0 = Debug|Any CPU
		{7D6C22CB-B6B8-48A6-8BFE-8285DFD850B6}.Release|Any CPU.ActiveCfg = Release|Any CPU
		{7D6C22CB-B6B8-48A6-8BFE-8285DFD850B6}.Release|Any CPU.Build.0 = Release|Any CPU
	EndGlobalSection
	GlobalSection(SolutionProperties) = preSolution
		HideSolutionNode = FALSE
	EndGlobalSection
	GlobalSection(ExtensibilityGlobals) = postSolution
		SolutionGuid = {E7C67C76-B6E8-43F4-8D68-E58CD1902270}
	EndGlobalSection
EndGlobal
