
Microsoft Visual Studio Solution File, Format Version 12.00
# Visual Studio Version 16
VisualStudioVersion = 16.0.30503.244
MinimumVisualStudioVersion = 10.0.40219.1
Project("{FAE04EC0-301F-11D3-BF4B-00C04F79EFBC}") = "S01-DataTypes", "S01-DataTypes\S01-DataTypes.csproj", "{F1EC40AA-0756-4CDC-BC23-BB0B2B46DBC9}"
EndProject
Project("{FAE04EC0-301F-11D3-BF4B-00C04F79EFBC}") = "P01-Operations", "P01-Operations\P01-Operations.csproj", "{A36FB1A4-6C4A-4DF3-B802-B633E89E39FE}"
EndProject
Global
	GlobalSection(SolutionConfigurationPlatforms) = preSolution
		Debug|Any CPU = Debug|Any CPU
		Release|Any CPU = Release|Any CPU
	EndGlobalSection
	GlobalSection(ProjectConfigurationPlatforms) = postSolution
		{F1EC40AA-0756-4CDC-BC23-BB0B2B46DBC9}.Debug|Any CPU.ActiveCfg = Debug|Any CPU
		{F1EC40AA-0756-4CDC-BC23-BB0B2B46DBC9}.Debug|Any CPU.Build.0 = Debug|Any CPU
		{F1EC40AA-0756-4CDC-BC23-BB0B2B46DBC9}.Release|Any CPU.ActiveCfg = Release|Any CPU
		{F1EC40AA-0756-4CDC-BC23-BB0B2B46DBC9}.Release|Any CPU.Build.0 = Release|Any CPU
		{A36FB1A4-6C4A-4DF3-B802-B633E89E39FE}.Debug|Any CPU.ActiveCfg = Debug|Any CPU
		{A36FB1A4-6C4A-4DF3-B802-B633E89E39FE}.Debug|Any CPU.Build.0 = Debug|Any CPU
		{A36FB1A4-6C4A-4DF3-B802-B633E89E39FE}.Release|Any CPU.ActiveCfg = Release|Any CPU
		{A36FB1A4-6C4A-4DF3-B802-B633E89E39FE}.Release|Any CPU.Build.0 = Release|Any CPU
	EndGlobalSection
	GlobalSection(SolutionProperties) = preSolution
		HideSolutionNode = FALSE
	EndGlobalSection
	GlobalSection(ExtensibilityGlobals) = postSolution
		SolutionGuid = {C544D298-0033-43C6-9068-2BEC88E4242D}
	EndGlobalSection
EndGlobal
