
Microsoft Visual Studio Solution File, Format Version 12.00
# Visual Studio Version 17
VisualStudioVersion = 17.2.32516.85
MinimumVisualStudioVersion = 10.0.40219.1
Project("{FAE04EC0-301F-11D3-BF4B-00C04F79EFBC}") = "P01-Furniture", "P01-Furniture\P01-Furniture.csproj", "{C70CD59D-3081-403C-BB60-7C7E358928B2}"
EndProject
Global
	GlobalSection(SolutionConfigurationPlatforms) = preSolution
		Debug|Any CPU = Debug|Any CPU
		Release|Any CPU = Release|Any CPU
	EndGlobalSection
	GlobalSection(ProjectConfigurationPlatforms) = postSolution
		{C70CD59D-3081-403C-BB60-7C7E358928B2}.Debug|Any CPU.ActiveCfg = Debug|Any CPU
		{C70CD59D-3081-403C-BB60-7C7E358928B2}.Debug|Any CPU.Build.0 = Debug|Any CPU
		{C70CD59D-3081-403C-BB60-7C7E358928B2}.Release|Any CPU.ActiveCfg = Release|Any CPU
		{C70CD59D-3081-403C-BB60-7C7E358928B2}.Release|Any CPU.Build.0 = Release|Any CPU
	EndGlobalSection
	GlobalSection(SolutionProperties) = preSolution
		HideSolutionNode = FALSE
	EndGlobalSection
	GlobalSection(ExtensibilityGlobals) = postSolution
		SolutionGuid = {1AECF521-650B-40B2-A76E-249033C640C9}
	EndGlobalSection
EndGlobal
