
Microsoft Visual Studio Solution File, Format Version 12.00
# Visual Studio Version 16
VisualStudioVersion = 16.0.32002.261
MinimumVisualStudioVersion = 10.0.40219.1
Project("{9A19103F-16F7-4668-BE54-9A1E7A4F7556}") = "P00-IndexOfAndLastIndexOf", "P00-IndexOfAndLastIndexOf\P00-IndexOfAndLastIndexOf.csproj", "{ED8285B6-142A-493F-8039-BC5131860267}"
EndProject
Project("{9A19103F-16F7-4668-BE54-9A1E7A4F7556}") = "P00-DemoReplace", "P00-DemoReplace\P00-DemoReplace.csproj", "{68F00D3E-97CF-488C-8DCD-F4D545136BEF}"
EndProject
Project("{9A19103F-16F7-4668-BE54-9A1E7A4F7556}") = "P00-DemoRemove", "P00-DemoRemove\P00-DemoRemove.csproj", "{74C10955-72BB-4D1F-8686-A6826BA124A0}"
EndProject
Project("{FAE04EC0-301F-11D3-BF4B-00C04F79EFBC}") = "P00-SandBox", "P00-SandBox\P00-SandBox.csproj", "{6BA92101-A7A1-4268-8610-8F8528B8BFB7}"
EndProject
Global
	GlobalSection(SolutionConfigurationPlatforms) = preSolution
		Debug|Any CPU = Debug|Any CPU
		Release|Any CPU = Release|Any CPU
	EndGlobalSection
	GlobalSection(ProjectConfigurationPlatforms) = postSolution
		{ED8285B6-142A-493F-8039-BC5131860267}.Debug|Any CPU.ActiveCfg = Debug|Any CPU
		{ED8285B6-142A-493F-8039-BC5131860267}.Debug|Any CPU.Build.0 = Debug|Any CPU
		{ED8285B6-142A-493F-8039-BC5131860267}.Release|Any CPU.ActiveCfg = Release|Any CPU
		{ED8285B6-142A-493F-8039-BC5131860267}.Release|Any CPU.Build.0 = Release|Any CPU
		{68F00D3E-97CF-488C-8DCD-F4D545136BEF}.Debug|Any CPU.ActiveCfg = Debug|Any CPU
		{68F00D3E-97CF-488C-8DCD-F4D545136BEF}.Debug|Any CPU.Build.0 = Debug|Any CPU
		{68F00D3E-97CF-488C-8DCD-F4D545136BEF}.Release|Any CPU.ActiveCfg = Release|Any CPU
		{68F00D3E-97CF-488C-8DCD-F4D545136BEF}.Release|Any CPU.Build.0 = Release|Any CPU
		{74C10955-72BB-4D1F-8686-A6826BA124A0}.Debug|Any CPU.ActiveCfg = Debug|Any CPU
		{74C10955-72BB-4D1F-8686-A6826BA124A0}.Debug|Any CPU.Build.0 = Debug|Any CPU
		{74C10955-72BB-4D1F-8686-A6826BA124A0}.Release|Any CPU.ActiveCfg = Release|Any CPU
		{74C10955-72BB-4D1F-8686-A6826BA124A0}.Release|Any CPU.Build.0 = Release|Any CPU
		{6BA92101-A7A1-4268-8610-8F8528B8BFB7}.Debug|Any CPU.ActiveCfg = Debug|Any CPU
		{6BA92101-A7A1-4268-8610-8F8528B8BFB7}.Debug|Any CPU.Build.0 = Debug|Any CPU
		{6BA92101-A7A1-4268-8610-8F8528B8BFB7}.Release|Any CPU.ActiveCfg = Release|Any CPU
		{6BA92101-A7A1-4268-8610-8F8528B8BFB7}.Release|Any CPU.Build.0 = Release|Any CPU
	EndGlobalSection
	GlobalSection(SolutionProperties) = preSolution
		HideSolutionNode = FALSE
	EndGlobalSection
	GlobalSection(ExtensibilityGlobals) = postSolution
		SolutionGuid = {EFA27CAA-745C-4640-84AA-57157276DB0B}
	EndGlobalSection
EndGlobal
