
Microsoft Visual Studio Solution File, Format Version 12.00
# Visual Studio Version 17
VisualStudioVersion = 17.9.34607.119
MinimumVisualStudioVersion = 10.0.40219.1
Project("{9A19103F-16F7-4668-BE54-9A1E7A4F7556}") = "P01-DemoException", "P01-DemoException\P01-DemoException.csproj", "{B1E36C06-6285-416B-BDA8-BBC6ADFF8CB3}"
EndProject
Project("{9A19103F-16F7-4668-BE54-9A1E7A4F7556}") = "P01-SquareRoot", "P01-SquareRoot\P01-SquareRoot.csproj", "{034B612A-6299-4997-AA9F-7CDF0D8D2CFF}"
EndProject
Project("{9A19103F-16F7-4668-BE54-9A1E7A4F7556}") = "P02-EnterNumbers", "P02-EnterNumbers\P02-EnterNumbers.csproj", "{7B7E5276-9DAF-42D5-A4E8-CCFAAA42CC9D}"
EndProject
Project("{FAE04EC0-301F-11D3-BF4B-00C04F79EFBC}") = "P03-5. PlayCatch", "P03-5. PlayCatch\P03-5. PlayCatch.csproj", "{7131CEC9-90B5-4E88-84B7-79BA5642AE2B}"
EndProject
Project("{FAE04EC0-301F-11D3-BF4B-00C04F79EFBC}") = "P06-MoneyTransactions", "P06-MoneyTransactions\P06-MoneyTransactions.csproj", "{B1077156-F1ED-453A-BB7B-66379A63CFCB}"
EndProject
Global
	GlobalSection(SolutionConfigurationPlatforms) = preSolution
		Debug|Any CPU = Debug|Any CPU
		Release|Any CPU = Release|Any CPU
	EndGlobalSection
	GlobalSection(ProjectConfigurationPlatforms) = postSolution
		{B1E36C06-6285-416B-BDA8-BBC6ADFF8CB3}.Debug|Any CPU.ActiveCfg = Debug|Any CPU
		{B1E36C06-6285-416B-BDA8-BBC6ADFF8CB3}.Debug|Any CPU.Build.0 = Debug|Any CPU
		{B1E36C06-6285-416B-BDA8-BBC6ADFF8CB3}.Release|Any CPU.ActiveCfg = Release|Any CPU
		{B1E36C06-6285-416B-BDA8-BBC6ADFF8CB3}.Release|Any CPU.Build.0 = Release|Any CPU
		{034B612A-6299-4997-AA9F-7CDF0D8D2CFF}.Debug|Any CPU.ActiveCfg = Debug|Any CPU
		{034B612A-6299-4997-AA9F-7CDF0D8D2CFF}.Debug|Any CPU.Build.0 = Debug|Any CPU
		{034B612A-6299-4997-AA9F-7CDF0D8D2CFF}.Release|Any CPU.ActiveCfg = Release|Any CPU
		{034B612A-6299-4997-AA9F-7CDF0D8D2CFF}.Release|Any CPU.Build.0 = Release|Any CPU
		{7B7E5276-9DAF-42D5-A4E8-CCFAAA42CC9D}.Debug|Any CPU.ActiveCfg = Debug|Any CPU
		{7B7E5276-9DAF-42D5-A4E8-CCFAAA42CC9D}.Debug|Any CPU.Build.0 = Debug|Any CPU
		{7B7E5276-9DAF-42D5-A4E8-CCFAAA42CC9D}.Release|Any CPU.ActiveCfg = Release|Any CPU
		{7B7E5276-9DAF-42D5-A4E8-CCFAAA42CC9D}.Release|Any CPU.Build.0 = Release|Any CPU
		{7131CEC9-90B5-4E88-84B7-79BA5642AE2B}.Debug|Any CPU.ActiveCfg = Debug|Any CPU
		{7131CEC9-90B5-4E88-84B7-79BA5642AE2B}.Debug|Any CPU.Build.0 = Debug|Any CPU
		{7131CEC9-90B5-4E88-84B7-79BA5642AE2B}.Release|Any CPU.ActiveCfg = Release|Any CPU
		{7131CEC9-90B5-4E88-84B7-79BA5642AE2B}.Release|Any CPU.Build.0 = Release|Any CPU
		{B1077156-F1ED-453A-BB7B-66379A63CFCB}.Debug|Any CPU.ActiveCfg = Debug|Any CPU
		{B1077156-F1ED-453A-BB7B-66379A63CFCB}.Debug|Any CPU.Build.0 = Debug|Any CPU
		{B1077156-F1ED-453A-BB7B-66379A63CFCB}.Release|Any CPU.ActiveCfg = Release|Any CPU
		{B1077156-F1ED-453A-BB7B-66379A63CFCB}.Release|Any CPU.Build.0 = Release|Any CPU
	EndGlobalSection
	GlobalSection(SolutionProperties) = preSolution
		HideSolutionNode = FALSE
	EndGlobalSection
	GlobalSection(ExtensibilityGlobals) = postSolution
		SolutionGuid = {34619E69-97CD-4ABB-BBCE-AB2A654DF0BC}
	EndGlobalSection
EndGlobal
