
Microsoft Visual Studio Solution File, Format Version 12.00
# Visual Studio Version 17
VisualStudioVersion = 17.4.33213.308
MinimumVisualStudioVersion = 10.0.40219.1
Project("{FAE04EC0-301F-11D3-BF4B-00C04F79EFBC}") = "P01-ChristmasPrepare", "P01-ChristmasPrepare\P01-ChristmasPrepare.csproj", "{38371BBD-B92E-4EA6-A8F0-E636E336132C}"
EndProject
Project("{FAE04EC0-301F-11D3-BF4B-00C04F79EFBC}") = "P02-ChristmasDeer", "P02-ChristmasDeer\P02-ChristmasDeer.csproj", "{31C7B15E-137B-4960-BD5B-A9195CE8EA5C}"
EndProject
Global
	GlobalSection(SolutionConfigurationPlatforms) = preSolution
		Debug|Any CPU = Debug|Any CPU
		Release|Any CPU = Release|Any CPU
	EndGlobalSection
	GlobalSection(ProjectConfigurationPlatforms) = postSolution
		{38371BBD-B92E-4EA6-A8F0-E636E336132C}.Debug|Any CPU.ActiveCfg = Debug|Any CPU
		{38371BBD-B92E-4EA6-A8F0-E636E336132C}.Debug|Any CPU.Build.0 = Debug|Any CPU
		{38371BBD-B92E-4EA6-A8F0-E636E336132C}.Release|Any CPU.ActiveCfg = Release|Any CPU
		{38371BBD-B92E-4EA6-A8F0-E636E336132C}.Release|Any CPU.Build.0 = Release|Any CPU
		{31C7B15E-137B-4960-BD5B-A9195CE8EA5C}.Debug|Any CPU.ActiveCfg = Debug|Any CPU
		{31C7B15E-137B-4960-BD5B-A9195CE8EA5C}.Debug|Any CPU.Build.0 = Debug|Any CPU
		{31C7B15E-137B-4960-BD5B-A9195CE8EA5C}.Release|Any CPU.ActiveCfg = Release|Any CPU
		{31C7B15E-137B-4960-BD5B-A9195CE8EA5C}.Release|Any CPU.Build.0 = Release|Any CPU
	EndGlobalSection
	GlobalSection(SolutionProperties) = preSolution
		HideSolutionNode = FALSE
	EndGlobalSection
	GlobalSection(ExtensibilityGlobals) = postSolution
		SolutionGuid = {B8835659-FFE7-40E5-92CA-04455E53262C}
	EndGlobalSection
EndGlobal
