
Microsoft Visual Studio Solution File, Format Version 12.00
# Visual Studio Version 16
VisualStudioVersion = 16.0.31005.135
MinimumVisualStudioVersion = 10.0.40219.1
Project("{FAE04EC0-301F-11D3-BF4B-00C04F79EFBC}") = "P01-Arrays373", "P01-Arrays373\P01-Arrays373.csproj", "{9738551E-D029-426F-A4CE-9BC2838BE258}"
EndProject
Global
	GlobalSection(SolutionConfigurationPlatforms) = preSolution
		Debug|Any CPU = Debug|Any CPU
		Release|Any CPU = Release|Any CPU
	EndGlobalSection
	GlobalSection(ProjectConfigurationPlatforms) = postSolution
		{9738551E-D029-426F-A4CE-9BC2838BE258}.Debug|Any CPU.ActiveCfg = Debug|Any CPU
		{9738551E-D029-426F-A4CE-9BC2838BE258}.Debug|Any CPU.Build.0 = Debug|Any CPU
		{9738551E-D029-426F-A4CE-9BC2838BE258}.Release|Any CPU.ActiveCfg = Release|Any CPU
		{9738551E-D029-426F-A4CE-9BC2838BE258}.Release|Any CPU.Build.0 = Release|Any CPU
	EndGlobalSection
	GlobalSection(SolutionProperties) = preSolution
		HideSolutionNode = FALSE
	EndGlobalSection
	GlobalSection(ExtensibilityGlobals) = postSolution
		SolutionGuid = {13EF1238-2FF9-4EFC-8482-4C733153DB2C}
	EndGlobalSection
EndGlobal
