
Microsoft Visual Studio Solution File, Format Version 12.00
# Visual Studio Version 16
VisualStudioVersion = 16.0.31005.135
MinimumVisualStudioVersion = 10.0.40219.1
Project("{9A19103F-16F7-4668-BE54-9A1E7A4F7556}") = "P01-Arrays373", "P01-Arrays373\P01-Arrays373.csproj", "{9738551E-D029-426F-A4CE-9BC2838BE258}"
EndProject
Project("{9A19103F-16F7-4668-BE54-9A1E7A4F7556}") = "P02-Arrays379", "P02-Arrays379\P02-Arrays379.csproj", "{951D19E0-4B87-421E-B27E-BFC9C9DE9745}"
EndProject
Project("{9A19103F-16F7-4668-BE54-9A1E7A4F7556}") = "P03-Arrays376", "P03-Arrays376\P03-Arrays376.csproj", "{F85188DF-0B40-4D96-AC3E-52344264FA1B}"
EndProject
Project("{FAE04EC0-301F-11D3-BF4B-00C04F79EFBC}") = "P04-Arrays380FormsApp", "P04-Arrays380FormsApp\P04-Arrays380FormsApp.csproj", "{1B93D1C4-2BA6-4216-AF0D-C34DAD775457}"
EndProject
Global
	GlobalSection(SolutionConfigurationPlatforms) = preSolution
		Debug|Any CPU = Debug|Any CPU
		Release|Any CPU = Release|Any CPU
	EndGlobalSection
	GlobalSection(ProjectConfigurationPlatforms) = postSolution
		{9738551E-D029-426F-A4CE-9BC2838BE258}.Debug|Any CPU.ActiveCfg = Debug|Any CPU
		{9738551E-D029-426F-A4CE-9BC2838BE258}.Debug|Any CPU.Build.0 = Debug|Any CPU
		{9738551E-D029-426F-A4CE-9BC2838BE258}.Release|Any CPU.ActiveCfg = Release|Any CPU
		{9738551E-D029-426F-A4CE-9BC2838BE258}.Release|Any CPU.Build.0 = Release|Any CPU
		{951D19E0-4B87-421E-B27E-BFC9C9DE9745}.Debug|Any CPU.ActiveCfg = Debug|Any CPU
		{951D19E0-4B87-421E-B27E-BFC9C9DE9745}.Debug|Any CPU.Build.0 = Debug|Any CPU
		{951D19E0-4B87-421E-B27E-BFC9C9DE9745}.Release|Any CPU.ActiveCfg = Release|Any CPU
		{951D19E0-4B87-421E-B27E-BFC9C9DE9745}.Release|Any CPU.Build.0 = Release|Any CPU
		{F85188DF-0B40-4D96-AC3E-52344264FA1B}.Debug|Any CPU.ActiveCfg = Debug|Any CPU
		{F85188DF-0B40-4D96-AC3E-52344264FA1B}.Debug|Any CPU.Build.0 = Debug|Any CPU
		{F85188DF-0B40-4D96-AC3E-52344264FA1B}.Release|Any CPU.ActiveCfg = Release|Any CPU
		{F85188DF-0B40-4D96-AC3E-52344264FA1B}.Release|Any CPU.Build.0 = Release|Any CPU
		{1B93D1C4-2BA6-4216-AF0D-C34DAD775457}.Debug|Any CPU.ActiveCfg = Debug|Any CPU
		{1B93D1C4-2BA6-4216-AF0D-C34DAD775457}.Debug|Any CPU.Build.0 = Debug|Any CPU
		{1B93D1C4-2BA6-4216-AF0D-C34DAD775457}.Release|Any CPU.ActiveCfg = Release|Any CPU
		{1B93D1C4-2BA6-4216-AF0D-C34DAD775457}.Release|Any CPU.Build.0 = Release|Any CPU
	EndGlobalSection
	GlobalSection(SolutionProperties) = preSolution
		HideSolutionNode = FALSE
	EndGlobalSection
	GlobalSection(ExtensibilityGlobals) = postSolution
		SolutionGuid = {13EF1238-2FF9-4EFC-8482-4C733153DB2C}
	EndGlobalSection
EndGlobal
