
Microsoft Visual Studio Solution File, Format Version 12.00
# Visual Studio Version 16
VisualStudioVersion = 16.0.30717.126
MinimumVisualStudioVersion = 10.0.40219.1
Project("{FAE04EC0-301F-11D3-BF4B-00C04F79EFBC}") = "P01-BonusPoints", "P01-BonusPoints\P01-BonusPoints.csproj", "{1290B334-7C7F-4FB3-BBB9-781F00E9CE91}"
EndProject
Global
	GlobalSection(SolutionConfigurationPlatforms) = preSolution
		Debug|Any CPU = Debug|Any CPU
		Release|Any CPU = Release|Any CPU
	EndGlobalSection
	GlobalSection(ProjectConfigurationPlatforms) = postSolution
		{1290B334-7C7F-4FB3-BBB9-781F00E9CE91}.Debug|Any CPU.ActiveCfg = Debug|Any CPU
		{1290B334-7C7F-4FB3-BBB9-781F00E9CE91}.Debug|Any CPU.Build.0 = Debug|Any CPU
		{1290B334-7C7F-4FB3-BBB9-781F00E9CE91}.Release|Any CPU.ActiveCfg = Release|Any CPU
		{1290B334-7C7F-4FB3-BBB9-781F00E9CE91}.Release|Any CPU.Build.0 = Release|Any CPU
	EndGlobalSection
	GlobalSection(SolutionProperties) = preSolution
		HideSolutionNode = FALSE
	EndGlobalSection
	GlobalSection(ExtensibilityGlobals) = postSolution
		SolutionGuid = {7205B245-A364-4DC1-984D-5D0165B28974}
	EndGlobalSection
EndGlobal
