
Microsoft Visual Studio Solution File, Format Version 12.00
# Visual Studio Version 17
VisualStudioVersion = 17.2.32516.85
MinimumVisualStudioVersion = 10.0.40219.1
Project("{9A19103F-16F7-4668-BE54-9A1E7A4F7556}") = "P01-BonusPoints", "P01-BonusPoints\P01-BonusPoints.csproj", "{7B53B8B2-94D3-4DFF-A5C9-635622BD6A5B}"
EndProject
Project("{FAE04EC0-301F-11D3-BF4B-00C04F79EFBC}") = "P03-SecondsSum", "P03-SecondsSum\P03-SecondsSum.csproj", "{B8903842-AE03-4F69-A7BF-3E6975C3C5F3}"
EndProject
Project("{FAE04EC0-301F-11D3-BF4B-00C04F79EFBC}") = "P05-100To200", "P05-100To200\P05-100To200.csproj", "{1C081F40-AC16-44C2-8F82-39A3C0CC5CD7}"
EndProject
Project("{FAE04EC0-301F-11D3-BF4B-00C04F79EFBC}") = "P06-SpeedInfo", "P06-SpeedInfo\P06-SpeedInfo.csproj", "{F40EBD7F-DD9F-45C2-BDEE-760122B71917}"
EndProject
Project("{FAE04EC0-301F-11D3-BF4B-00C04F79EFBC}") = "P08-Numbers", "P08-Numbers\P08-Numbers.csproj", "{30CCB58B-E9AA-46E5-9837-3215B7975D98}"
EndProject
Global
	GlobalSection(SolutionConfigurationPlatforms) = preSolution
		Debug|Any CPU = Debug|Any CPU
		Release|Any CPU = Release|Any CPU
	EndGlobalSection
	GlobalSection(ProjectConfigurationPlatforms) = postSolution
		{7B53B8B2-94D3-4DFF-A5C9-635622BD6A5B}.Debug|Any CPU.ActiveCfg = Debug|Any CPU
		{7B53B8B2-94D3-4DFF-A5C9-635622BD6A5B}.Debug|Any CPU.Build.0 = Debug|Any CPU
		{7B53B8B2-94D3-4DFF-A5C9-635622BD6A5B}.Release|Any CPU.ActiveCfg = Release|Any CPU
		{7B53B8B2-94D3-4DFF-A5C9-635622BD6A5B}.Release|Any CPU.Build.0 = Release|Any CPU
		{B8903842-AE03-4F69-A7BF-3E6975C3C5F3}.Debug|Any CPU.ActiveCfg = Debug|Any CPU
		{B8903842-AE03-4F69-A7BF-3E6975C3C5F3}.Debug|Any CPU.Build.0 = Debug|Any CPU
		{B8903842-AE03-4F69-A7BF-3E6975C3C5F3}.Release|Any CPU.ActiveCfg = Release|Any CPU
		{B8903842-AE03-4F69-A7BF-3E6975C3C5F3}.Release|Any CPU.Build.0 = Release|Any CPU
		{1C081F40-AC16-44C2-8F82-39A3C0CC5CD7}.Debug|Any CPU.ActiveCfg = Debug|Any CPU
		{1C081F40-AC16-44C2-8F82-39A3C0CC5CD7}.Debug|Any CPU.Build.0 = Debug|Any CPU
		{1C081F40-AC16-44C2-8F82-39A3C0CC5CD7}.Release|Any CPU.ActiveCfg = Release|Any CPU
		{1C081F40-AC16-44C2-8F82-39A3C0CC5CD7}.Release|Any CPU.Build.0 = Release|Any CPU
		{F40EBD7F-DD9F-45C2-BDEE-760122B71917}.Debug|Any CPU.ActiveCfg = Debug|Any CPU
		{F40EBD7F-DD9F-45C2-BDEE-760122B71917}.Debug|Any CPU.Build.0 = Debug|Any CPU
		{F40EBD7F-DD9F-45C2-BDEE-760122B71917}.Release|Any CPU.ActiveCfg = Release|Any CPU
		{F40EBD7F-DD9F-45C2-BDEE-760122B71917}.Release|Any CPU.Build.0 = Release|Any CPU
		{30CCB58B-E9AA-46E5-9837-3215B7975D98}.Debug|Any CPU.ActiveCfg = Debug|Any CPU
		{30CCB58B-E9AA-46E5-9837-3215B7975D98}.Debug|Any CPU.Build.0 = Debug|Any CPU
		{30CCB58B-E9AA-46E5-9837-3215B7975D98}.Release|Any CPU.ActiveCfg = Release|Any CPU
		{30CCB58B-E9AA-46E5-9837-3215B7975D98}.Release|Any CPU.Build.0 = Release|Any CPU
	EndGlobalSection
	GlobalSection(SolutionProperties) = preSolution
		HideSolutionNode = FALSE
	EndGlobalSection
	GlobalSection(ExtensibilityGlobals) = postSolution
		SolutionGuid = {63E8B118-F23F-4BF2-AE19-A7C2DA7AC9D1}
	EndGlobalSection
EndGlobal
