
Microsoft Visual Studio Solution File, Format Version 12.00
# Visual Studio Version 17
VisualStudioVersion = 17.12.35728.132
MinimumVisualStudioVersion = 10.0.40219.1
Project("{FAE04EC0-301F-11D3-BF4B-00C04F79EFBC}") = "P01-May2022_Zad25", "P01-May2022_Zad25\P01-May2022_Zad25.csproj", "{0EF96B80-F2CA-42E0-BEA5-57C5E936C429}"
EndProject
Project("{FAE04EC0-301F-11D3-BF4B-00C04F79EFBC}") = "P02-May2022_Zad26", "P02-May2022_Zad26\P02-May2022_Zad26.csproj", "{6CF636EA-DC69-4395-8A6C-AFC75B1FA9B3}"
EndProject
Project("{FAE04EC0-301F-11D3-BF4B-00C04F79EFBC}") = "P03-May2022_Zad28", "P03-May2022_Zad28\P03-May2022_Zad28.csproj", "{A8985A68-A8FF-42B3-BCF8-F4D12875D3D4}"
EndProject
Global
	GlobalSection(SolutionConfigurationPlatforms) = preSolution
		Debug|Any CPU = Debug|Any CPU
		Release|Any CPU = Release|Any CPU
	EndGlobalSection
	GlobalSection(ProjectConfigurationPlatforms) = postSolution
		{0EF96B80-F2CA-42E0-BEA5-57C5E936C429}.Debug|Any CPU.ActiveCfg = Debug|Any CPU
		{0EF96B80-F2CA-42E0-BEA5-57C5E936C429}.Debug|Any CPU.Build.0 = Debug|Any CPU
		{0EF96B80-F2CA-42E0-BEA5-57C5E936C429}.Release|Any CPU.ActiveCfg = Release|Any CPU
		{0EF96B80-F2CA-42E0-BEA5-57C5E936C429}.Release|Any CPU.Build.0 = Release|Any CPU
		{6CF636EA-DC69-4395-8A6C-AFC75B1FA9B3}.Debug|Any CPU.ActiveCfg = Debug|Any CPU
		{6CF636EA-DC69-4395-8A6C-AFC75B1FA9B3}.Debug|Any CPU.Build.0 = Debug|Any CPU
		{6CF636EA-DC69-4395-8A6C-AFC75B1FA9B3}.Release|Any CPU.ActiveCfg = Release|Any CPU
		{6CF636EA-DC69-4395-8A6C-AFC75B1FA9B3}.Release|Any CPU.Build.0 = Release|Any CPU
		{A8985A68-A8FF-42B3-BCF8-F4D12875D3D4}.Debug|Any CPU.ActiveCfg = Debug|Any CPU
		{A8985A68-A8FF-42B3-BCF8-F4D12875D3D4}.Debug|Any CPU.Build.0 = Debug|Any CPU
		{A8985A68-A8FF-42B3-BCF8-F4D12875D3D4}.Release|Any CPU.ActiveCfg = Release|Any CPU
		{A8985A68-A8FF-42B3-BCF8-F4D12875D3D4}.Release|Any CPU.Build.0 = Release|Any CPU
	EndGlobalSection
	GlobalSection(SolutionProperties) = preSolution
		HideSolutionNode = FALSE
	EndGlobalSection
EndGlobal
